{
  "version": 4,
  "terraform_version": "0.15.0",
  "serial": 1,
  "lineage": "ab33c89f-2e29-830e-a206-75ed4ba7cdbe",
  "outputs": {
    "account_id": {
      "value": "923799771136",
      "type": "string"
    },
    "eks_node_sg_ids": {
      "value": {
        "vpc0": {
          "prod0": "sg-0fb98483d74c01187"
        }
      },
      "type": [
        "map",
        [
          "map",
          "string"
        ]
      ]
    },
    "global_maps": {
      "value": {
        "global_tags": {
          "Config": "default",
          "Dept": "services",
          "Environment": "prod",
          "GeneratedBy": "terraform",
          "Org": "withme",
          "Role": "automation"
        },
        "regional_tags": {
          "Config": "default",
          "Dept": "services",
          "Environment": "prod",
          "GeneratedBy": "terraform",
          "Org": "withme",
          "Region": "us-west-2",
          "Role": "automation"
        }
      },
      "type": [
        "object",
        {
          "global_tags": [
            "object",
            {
              "Config": "string",
              "Dept": "string",
              "Environment": "string",
              "GeneratedBy": "string",
              "Org": "string",
              "Role": "string"
            }
          ],
          "regional_tags": [
            "object",
            {
              "Config": "string",
              "Dept": "string",
              "Environment": "string",
              "GeneratedBy": "string",
              "Org": "string",
              "Region": "string",
              "Role": "string"
            }
          ]
        }
      ]
    },
    "global_prefix": {
      "value": "withme-services-prod-automation-default",
      "type": "string"
    },
    "global_strings": {
      "value": {
        "global_prefix": "withme-services-prod-automation-default",
        "regional_prefix": "withme-services-prod-us-west-2-automation-default"
      },
      "type": [
        "object",
        {
          "global_prefix": "string",
          "regional_prefix": "string"
        }
      ]
    },
    "global_tags": {
      "value": {
        "Config": "default",
        "Dept": "services",
        "Environment": "prod",
        "GeneratedBy": "terraform",
        "Org": "withme",
        "Role": "automation"
      },
      "type": [
        "object",
        {
          "Config": "string",
          "Dept": "string",
          "Environment": "string",
          "GeneratedBy": "string",
          "Org": "string",
          "Role": "string"
        }
      ]
    },
    "private_subnet_ids": {
      "value": {
        "vpc0": {
          "eks_cp": [
            "subnet-0d3fa250230936db5",
            "subnet-0d78209a874f26fec",
            "subnet-0cc4c5508f84ede4b",
            "subnet-0d1d9139d656137c8"
          ],
          "eks_nodes": [
            "subnet-078c9a276ceec5842",
            "subnet-0dc02c49f183da9d5",
            "subnet-0a780172f7b511eec",
            "subnet-0c29a65ec572f5b00"
          ],
          "rds": [
            "subnet-03be1455be32dc08c",
            "subnet-08f48e26b0fe2e910",
            "subnet-00fd3fce1ae8be4f8",
            "subnet-033202facea3f869e"
          ]
        }
      },
      "type": [
        "map",
        [
          "map",
          [
            "tuple",
            [
              "string",
              "string",
              "string",
              "string"
            ]
          ]
        ]
      ]
    },
    "public_subnet_ids": {
      "value": {
        "vpc0": {
          "eks_nodes": [],
          "nat_gw": [
            "subnet-03482d8b0983921da",
            "subnet-0b957fb39da3c2c65",
            "subnet-06cc7ed5107c4aa12",
            "subnet-083bcf5c7bdd3ee3b"
          ]
        }
      },
      "type": [
        "map",
        [
          "map",
          [
            "list",
            "string"
          ]
        ]
      ]
    },
    "regional_prefix": {
      "value": "withme-services-prod-us-west-2-automation-default",
      "type": "string"
    },
    "regional_tags": {
      "value": {
        "Config": "default",
        "Dept": "services",
        "Environment": "prod",
        "GeneratedBy": "terraform",
        "Org": "withme",
        "Region": "us-west-2",
        "Role": "automation"
      },
      "type": [
        "object",
        {
          "Config": "string",
          "Dept": "string",
          "Environment": "string",
          "GeneratedBy": "string",
          "Org": "string",
          "Region": "string",
          "Role": "string"
        }
      ]
    },
    "vpc_ids": {
      "value": {
        "vpc0": "vpc-08a9480ab9a90db12"
      },
      "type": [
        "map",
        "string"
      ]
    }
  },
  "resources": [
    {
      "mode": "data",
      "type": "aws_availability_zones",
      "name": "available",
      "provider": "provider[\"registry.terraform.io/hashicorp/aws\"]",
      "instances": [
        {
          "schema_version": 0,
          "attributes": {
            "all_availability_zones": null,
            "exclude_names": null,
            "exclude_zone_ids": null,
            "filter": null,
            "group_names": [
              "us-west-2"
            ],
            "id": "us-west-2",
            "names": [
              "us-west-2a",
              "us-west-2b",
              "us-west-2c",
              "us-west-2d"
            ],
            "state": "available",
            "zone_ids": [
              "usw2-az1",
              "usw2-az2",
              "usw2-az3",
              "usw2-az4"
            ]
          },
          "sensitive_attributes": []
        }
      ]
    },
    {
      "mode": "data",
      "type": "aws_caller_identity",
      "name": "core-lib",
      "provider": "provider[\"registry.terraform.io/hashicorp/aws\"]",
      "instances": [
        {
          "schema_version": 0,
          "attributes": {
            "account_id": "923799771136",
            "arn": "arn:aws:sts::923799771136:assumed-role/AWSReservedSSO_AWSAdministratorAccess_94c02f406f3f6b26/gnydick",
            "id": "923799771136",
            "user_id": "AROA5OFWB3AAAS6XAOON7:gnydick"
          },
          "sensitive_attributes": []
        }
      ]
    },
    {
      "module": "module.vpcs[\"vpc0\"].module.eks_targets[\"prod0\"].module.cluster",
      "mode": "data",
      "type": "aws_iam_policy",
      "name": "AmazonEKSClusterPolicy",
      "provider": "provider[\"registry.terraform.io/hashicorp/aws\"]",
      "instances": [
        {
          "schema_version": 0,
          "attributes": {
            "arn": "arn:aws:iam::aws:policy/AmazonEKSClusterPolicy",
            "description": "This policy provides Kubernetes the permissions it requires to manage resources on your behalf. Kubernetes requires Ec2:CreateTags permissions to place identifying information on EC2 resources including but not limited to Instances, Security Groups, and Elastic Network Interfaces. ",
            "id": "arn:aws:iam::aws:policy/AmazonEKSClusterPolicy",
            "name": "AmazonEKSClusterPolicy",
            "path": "/",
            "path_prefix": null,
            "policy": "{\n   \"Version\": \"2012-10-17\",\n   \"Statement\": [\n     {\n       \"Effect\": \"Allow\",\n       \"Action\": [\n         \"autoscaling:DescribeAutoScalingGroups\",\n         \"autoscaling:UpdateAutoScalingGroup\",\n         \"ec2:AttachVolume\",\n         \"ec2:AuthorizeSecurityGroupIngress\",\n         \"ec2:CreateRoute\",\n         \"ec2:CreateSecurityGroup\",\n         \"ec2:CreateTags\",\n         \"ec2:CreateVolume\",\n         \"ec2:DeleteRoute\",\n         \"ec2:DeleteSecurityGroup\",\n         \"ec2:DeleteVolume\",\n         \"ec2:DescribeInstances\",\n         \"ec2:DescribeRouteTables\",\n         \"ec2:DescribeSecurityGroups\",\n         \"ec2:DescribeSubnets\",\n         \"ec2:DescribeVolumes\",\n         \"ec2:DescribeVolumesModifications\",\n         \"ec2:DescribeVpcs\",\n         \"ec2:DescribeDhcpOptions\",\n         \"ec2:DescribeNetworkInterfaces\",\n         \"ec2:DetachVolume\",\n         \"ec2:ModifyInstanceAttribute\",\n         \"ec2:ModifyVolume\",\n         \"ec2:RevokeSecurityGroupIngress\",\n         \"elasticloadbalancing:AddTags\",\n         \"elasticloadbalancing:ApplySecurityGroupsToLoadBalancer\",\n         \"elasticloadbalancing:AttachLoadBalancerToSubnets\",\n         \"elasticloadbalancing:ConfigureHealthCheck\",\n         \"elasticloadbalancing:CreateListener\",\n         \"elasticloadbalancing:CreateLoadBalancer\",\n         \"elasticloadbalancing:CreateLoadBalancerListeners\",\n         \"elasticloadbalancing:CreateLoadBalancerPolicy\",\n         \"elasticloadbalancing:CreateTargetGroup\",\n         \"elasticloadbalancing:DeleteListener\",\n         \"elasticloadbalancing:DeleteLoadBalancer\",\n         \"elasticloadbalancing:DeleteLoadBalancerListeners\",\n         \"elasticloadbalancing:DeleteTargetGroup\",\n         \"elasticloadbalancing:DeregisterInstancesFromLoadBalancer\",\n         \"elasticloadbalancing:DeregisterTargets\",\n         \"elasticloadbalancing:DescribeListeners\",\n         \"elasticloadbalancing:DescribeLoadBalancerAttributes\",\n         \"elasticloadbalancing:DescribeLoadBalancerPolicies\",\n         \"elasticloadbalancing:DescribeLoadBalancers\",\n         \"elasticloadbalancing:DescribeTargetGroupAttributes\",\n         \"elasticloadbalancing:DescribeTargetGroups\",\n         \"elasticloadbalancing:DescribeTargetHealth\",\n         \"elasticloadbalancing:DetachLoadBalancerFromSubnets\",\n         \"elasticloadbalancing:ModifyListener\",\n         \"elasticloadbalancing:ModifyLoadBalancerAttributes\",\n         \"elasticloadbalancing:ModifyTargetGroup\",\n         \"elasticloadbalancing:ModifyTargetGroupAttributes\",\n         \"elasticloadbalancing:RegisterInstancesWithLoadBalancer\",\n         \"elasticloadbalancing:RegisterTargets\",\n         \"elasticloadbalancing:SetLoadBalancerPoliciesForBackendServer\",\n         \"elasticloadbalancing:SetLoadBalancerPoliciesOfListener\",\n         \"kms:DescribeKey\"\n       ],\n       \"Resource\": \"*\"\n     },\n     {\n       \"Effect\": \"Allow\",\n       \"Action\": \"iam:CreateServiceLinkedRole\",\n       \"Resource\": \"*\",\n       \"Condition\": {\n         \"StringLike\": {\n           \"iam:AWSServiceName\": \"elasticloadbalancing.amazonaws.com\"\n         }\n       }\n     }\n   ]\n }",
            "policy_id": "ANPAIBTLDQMIC6UOIGFWA",
            "tags": {}
          },
          "sensitive_attributes": []
        }
      ]
    },
    {
      "module": "module.vpcs[\"vpc0\"].module.eks_targets[\"prod0\"].module.cluster",
      "mode": "data",
      "type": "aws_iam_policy",
      "name": "AmazonEKSServicePolicy",
      "provider": "provider[\"registry.terraform.io/hashicorp/aws\"]",
      "instances": [
        {
          "schema_version": 0,
          "attributes": {
            "arn": "arn:aws:iam::aws:policy/AmazonEKSServicePolicy",
            "description": "This policy allows Amazon Elastic Container Service for Kubernetes to create and manage the necessary resources to operate EKS Clusters.",
            "id": "arn:aws:iam::aws:policy/AmazonEKSServicePolicy",
            "name": "AmazonEKSServicePolicy",
            "path": "/",
            "path_prefix": null,
            "policy": "{\n    \"Version\": \"2012-10-17\",\n    \"Statement\": [\n        {\n            \"Effect\": \"Allow\",\n            \"Action\": [\n                \"ec2:CreateNetworkInterface\",\n                \"ec2:CreateNetworkInterfacePermission\",\n                \"ec2:DeleteNetworkInterface\",\n                \"ec2:DescribeInstances\",\n                \"ec2:DescribeNetworkInterfaces\",\n                \"ec2:DetachNetworkInterface\",\n                \"ec2:DescribeSecurityGroups\",\n                \"ec2:DescribeSubnets\",\n                \"ec2:DescribeVpcs\",\n                \"ec2:ModifyNetworkInterfaceAttribute\",\n                \"iam:ListAttachedRolePolicies\",\n                \"eks:UpdateClusterVersion\"\n            ],\n            \"Resource\": \"*\"\n        },\n        {\n            \"Effect\": \"Allow\",\n            \"Action\": [\n                \"ec2:CreateTags\",\n                \"ec2:DeleteTags\"\n            ],\n            \"Resource\": [\n                \"arn:aws:ec2:*:*:vpc/*\",\n                \"arn:aws:ec2:*:*:subnet/*\"\n\n            ]\n        },\n        {\n            \"Effect\": \"Allow\",\n            \"Action\": \"route53:AssociateVPCWithHostedZone\",\n            \"Resource\": \"*\"\n        },\n        {\n            \"Effect\": \"Allow\",\n            \"Action\": \"logs:CreateLogGroup\",\n            \"Resource\": \"*\"\n        },\n        {\n            \"Effect\": \"Allow\",\n            \"Action\": [\n                \"logs:CreateLogStream\",\n                \"logs:DescribeLogStreams\"\n            ],\n            \"Resource\": \"arn:aws:logs:*:*:log-group:/aws/eks/*:*\"\n        },\n        {\n            \"Effect\": \"Allow\",\n            \"Action\": \"logs:PutLogEvents\",\n            \"Resource\": \"arn:aws:logs:*:*:log-group:/aws/eks/*:*:*\"\n        },\n        {\n            \"Effect\": \"Allow\",\n            \"Action\": \"iam:CreateServiceLinkedRole\",\n            \"Resource\": \"*\",\n            \"Condition\": {\n                 \"StringLike\": {\n                     \"iam:AWSServiceName\": \"eks.amazonaws.com\"\n                 }\n            }\n        }\n    ]\n}",
            "policy_id": "ANPAJFCNXU6HPGCIVXYDI",
            "tags": {}
          },
          "sensitive_attributes": []
        }
      ]
    },
    {
      "module": "module.vpcs[\"vpc0\"].module.eks_targets[\"prod0\"].module.cluster",
      "mode": "data",
      "type": "aws_iam_policy",
      "name": "AmazonEKSVPCResourceController",
      "provider": "provider[\"registry.terraform.io/hashicorp/aws\"]",
      "instances": [
        {
          "schema_version": 0,
          "attributes": {
            "arn": "arn:aws:iam::aws:policy/AmazonEKSVPCResourceController",
            "description": "Policy used by VPC Resource Controller to manage ENI and IPs for worker nodes.",
            "id": "arn:aws:iam::aws:policy/AmazonEKSVPCResourceController",
            "name": "AmazonEKSVPCResourceController",
            "path": "/",
            "path_prefix": null,
            "policy": "{\n\t\"Version\": \"2012-10-17\",\n\t\"Statement\": [\n\t\t{\n\t\t\t\"Effect\": \"Allow\",\n\t\t\t\"Action\": \"ec2:CreateNetworkInterfacePermission\",\n\t\t\t\"Resource\": \"*\",\n\t\t\t\"Condition\": {\n\t\t\t\t\"ForAnyValue:StringEquals\": {\n\t\t\t\t\t\"ec2:ResourceTag/eks:eni:owner\": \"eks-vpc-resource-controller\"\n\t\t\t\t}\n\t\t\t}\n\t\t},\n\t\t{\n\t\t\t\"Effect\": \"Allow\",\n\t\t\t\"Action\": [\n\t\t\t\t\"ec2:CreateNetworkInterface\",\n\t\t\t\t\"ec2:DetachNetworkInterface\",\n\t\t\t\t\"ec2:ModifyNetworkInterfaceAttribute\",\n\t\t\t\t\"ec2:DeleteNetworkInterface\",\n\t\t\t\t\"ec2:AttachNetworkInterface\",\n\t\t\t\t\"ec2:UnassignPrivateIpAddresses\",\n\t\t\t\t\"ec2:AssignPrivateIpAddresses\"\n\t\t\t],\n\t\t\t\"Resource\": \"*\"\n\t\t}\n\t]\n}",
            "policy_id": "ANPAZKAPJZG4PBOFT2NNA",
            "tags": {}
          },
          "sensitive_attributes": []
        }
      ]
    },
    {
      "module": "module.vpcs[\"vpc0\"].module.eks_targets[\"prod0\"].module.cluster",
      "mode": "data",
      "type": "aws_iam_policy_document",
      "name": "assume_role_policy",
      "provider": "provider[\"registry.terraform.io/hashicorp/aws\"]",
      "instances": [
        {
          "schema_version": 0,
          "attributes": {
            "id": "666935971",
            "json": "{\n  \"Version\": \"2012-10-17\",\n  \"Statement\": [\n    {\n      \"Sid\": \"\",\n      \"Effect\": \"Allow\",\n      \"Action\": \"sts:AssumeRoleWithWebIdentity\",\n      \"Principal\": {\n        \"Federated\": \"arn:aws:iam::923799771136:oidc-provider/oidc.eks.us-west-2.amazonaws.com/id/88F0E32EEE00737DC90DA838262F874F\"\n      },\n      \"Condition\": {\n        \"StringEquals\": {\n          \"oidc.eks.us-west-2.amazonaws.com/id/88F0E32EEE00737DC90DA838262F874F:sub\": [\n            \"system:serviceaccount:kube-system:aws-node\"\n          ]\n        }\n      }\n    }\n  ]\n}",
            "override_json": null,
            "override_policy_documents": null,
            "policy_id": null,
            "source_json": null,
            "source_policy_documents": null,
            "statement": [
              {
                "actions": [
                  "sts:AssumeRoleWithWebIdentity"
                ],
                "condition": [
                  {
                    "test": "StringEquals",
                    "values": [
                      "system:serviceaccount:kube-system:aws-node"
                    ],
                    "variable": "oidc.eks.us-west-2.amazonaws.com/id/88F0E32EEE00737DC90DA838262F874F:sub"
                  }
                ],
                "effect": "Allow",
                "not_actions": [],
                "not_principals": [],
                "not_resources": [],
                "principals": [
                  {
                    "identifiers": [
                      "arn:aws:iam::923799771136:oidc-provider/oidc.eks.us-west-2.amazonaws.com/id/88F0E32EEE00737DC90DA838262F874F"
                    ],
                    "type": "Federated"
                  }
                ],
                "resources": [],
                "sid": ""
              }
            ],
            "version": "2012-10-17"
          },
          "sensitive_attributes": []
        }
      ]
    },
    {
      "module": "module.vpcs[\"vpc0\"].module.eks_targets[\"prod0\"].module.cluster",
      "mode": "data",
      "type": "tls_certificate",
      "name": "cluster",
      "provider": "provider[\"registry.terraform.io/hashicorp/tls\"]",
      "instances": [
        {
          "schema_version": 0,
          "attributes": {
            "certificates": [
              {
                "is_ca": true,
                "issuer": "OU=Starfield Class 2 Certification Authority,O=Starfield Technologies\\, Inc.,C=US",
                "not_after": "2034-06-28T17:39:16Z",
                "not_before": "2009-09-02T00:00:00Z",
                "public_key_algorithm": "RSA",
                "serial_number": "12037640545166866303",
                "sha1_fingerprint": "9e99a48a9960b14926bb7f3b02e22da2b0ab7280",
                "signature_algorithm": "SHA256-RSA",
                "subject": "CN=Starfield Services Root Certificate Authority - G2,O=Starfield Technologies\\, Inc.,L=Scottsdale,ST=Arizona,C=US",
                "version": 3
              },
              {
                "is_ca": true,
                "issuer": "CN=Starfield Services Root Certificate Authority - G2,O=Starfield Technologies\\, Inc.,L=Scottsdale,ST=Arizona,C=US",
                "not_after": "2037-12-31T01:00:00Z",
                "not_before": "2015-05-25T12:00:00Z",
                "public_key_algorithm": "RSA",
                "serial_number": "144918191876577076464031512351042010504348870",
                "sha1_fingerprint": "06b25927c42a721631c1efd9431e648fa62e1e39",
                "signature_algorithm": "SHA256-RSA",
                "subject": "CN=Amazon Root CA 1,O=Amazon,C=US",
                "version": 3
              },
              {
                "is_ca": true,
                "issuer": "CN=Amazon Root CA 1,O=Amazon,C=US",
                "not_after": "2025-10-19T00:00:00Z",
                "not_before": "2015-10-22T00:00:00Z",
                "public_key_algorithm": "RSA",
                "serial_number": "144918209630989264145272943054026349679957517",
                "sha1_fingerprint": "917e732d330f9a12404f73d8bea36948b929dffc",
                "signature_algorithm": "SHA256-RSA",
                "subject": "CN=Amazon,OU=Server CA 1B,O=Amazon,C=US",
                "version": 3
              },
              {
                "is_ca": false,
                "issuer": "CN=Amazon,OU=Server CA 1B,O=Amazon,C=US",
                "not_after": "2021-08-10T12:00:00Z",
                "not_before": "2020-07-10T00:00:00Z",
                "public_key_algorithm": "RSA",
                "serial_number": "20784053652739395894379698842676301167",
                "sha1_fingerprint": "7ff5bdfa36cd78827820278b4dabb5e1e97c1476",
                "signature_algorithm": "SHA256-RSA",
                "subject": "CN=oidc.eks.us-west-2.amazonaws.com",
                "version": 3
              }
            ],
            "id": "2021-05-27 20:38:14.456514377 +0000 UTC",
            "url": "https://oidc.eks.us-west-2.amazonaws.com/id/88F0E32EEE00737DC90DA838262F874F",
            "verify_chain": true
          },
          "sensitive_attributes": []
        }
      ]
    },
    {
      "module": "module.vpcs[\"vpc0\"].module.eks_targets[\"prod0\"].module.cluster",
      "mode": "managed",
      "type": "aws_cloudwatch_log_group",
      "name": "cluster",
      "provider": "provider[\"registry.terraform.io/hashicorp/aws\"]",
      "instances": [
        {
          "index_key": 0,
          "schema_version": 0,
          "attributes": {
            "arn": "arn:aws:logs:us-west-2:923799771136:log-group:/aws/eks/prod0/cluster",
            "id": "/aws/eks/prod0/cluster",
            "kms_key_id": "",
            "name": "/aws/eks/prod0/cluster",
            "name_prefix": null,
            "retention_in_days": 90,
            "tags": {},
            "tags_all": {
              "Config": "default",
              "Dept": "services",
              "Environment": "prod",
              "GeneratedBy": "terraform",
              "Org": "withme",
              "Role": "automation"
            }
          },
          "sensitive_attributes": [],
          "private": "bnVsbA==",
          "dependencies": [
            "module.vpcs.module.vpc.aws_vpc.vpc"
          ]
        }
      ]
    },
    {
      "module": "module.vpcs[\"vpc0\"].module.eks_targets[\"prod0\"].module.cluster",
      "mode": "managed",
      "type": "aws_eks_addon",
      "name": "cni",
      "provider": "provider[\"registry.terraform.io/hashicorp/aws\"]",
      "instances": [
        {
          "schema_version": 0,
          "attributes": {
            "addon_name": "vpc-cni",
            "addon_version": "v1.7.5-eksbuild.2",
            "arn": "arn:aws:eks:us-west-2:923799771136:addon/prod0/vpc-cni/28bcd7c6-45d5-8ae4-fc19-24378e8fb03d",
            "cluster_name": "prod0",
            "created_at": "2021-05-27T20:38:14Z",
            "id": "prod0:vpc-cni",
            "modified_at": "2021-05-27T20:38:16Z",
            "resolve_conflicts": null,
            "service_account_role_arn": "",
            "tags": null,
            "tags_all": {
              "Config": "default",
              "Dept": "services",
              "Environment": "prod",
              "GeneratedBy": "terraform",
              "Org": "withme",
              "Role": "automation"
            }
          },
          "sensitive_attributes": [],
          "private": "bnVsbA==",
          "dependencies": [
            "module.vpcs.module.vpc.aws_vpc.vpc"
          ]
        }
      ]
    },
    {
      "module": "module.vpcs[\"vpc0\"].module.eks_targets[\"prod0\"].module.cluster",
      "mode": "managed",
      "type": "aws_eks_cluster",
      "name": "cluster",
      "provider": "provider[\"registry.terraform.io/hashicorp/aws\"]",
      "instances": [
        {
          "schema_version": 0,
          "attributes": {
            "arn": "arn:aws:eks:us-west-2:923799771136:cluster/prod0",
            "certificate_authority": [
              {
                "data": "LS0tLS1CRUdJTiBDRVJUSUZJQ0FURS0tLS0tCk1JSUM1ekNDQWMrZ0F3SUJBZ0lCQURBTkJna3Foa2lHOXcwQkFRc0ZBREFWTVJNd0VRWURWUVFERXdwcmRXSmwKY201bGRHVnpNQjRYRFRJeE1EVXlOekl3TXpBd01Gb1hEVE14TURVeU5USXdNekF3TUZvd0ZURVRNQkVHQTFVRQpBeE1LYTNWaVpYSnVaWFJsY3pDQ0FTSXdEUVlKS29aSWh2Y05BUUVCQlFBRGdnRVBBRENDQVFvQ2dnRUJBS3dlCjNFV3p2blJOa0RtUXRZYlFrSGdkK2hZc21TaGVDOEFCQjNnS1lPb09mUVdGWmc2ZjZINUo3cXdjdXFsVWdzeWkKWnFKTTNqdExKdHcyRzhhQlF0RE5qYklITlBWSm1xdTlTdnVZTnhGTk1xSjVvYnNXc0x0bEhyUWZScUJRU2JXRAp6U3ZYS1JOTzFOOGt6Q0tqV1BobTlkTUtDVytvVVd2V1ZzSzBjWWU4SUFXZnVtNk9ETkhWQnFaVXhYdkxubWw5CkF2Zk9QVHFKMzlHQlBWNWEzRks1WnRLTmQ4T1lVYWVWbnkvczN4Z1labTVhWlpoTklOVXZ1UkxHWW1DMEFMZ0MKVzdGQ3NsSGg0R0dNUXRQNGxvL2ZYQ2xmZHpCOVB0dGZQR1orNVZxWkpjbmxpbm1CYlRLZ0tFenNmQ3Y4akIxSQpjQkpKNWV3MWk4YjZ4TmJuZGFNQ0F3RUFBYU5DTUVBd0RnWURWUjBQQVFIL0JBUURBZ0trTUE4R0ExVWRFd0VCCi93UUZNQU1CQWY4d0hRWURWUjBPQkJZRUZCbVJkN3hiREVGNFlrUG1jczNwSGFOUS82ZDJNQTBHQ1NxR1NJYjMKRFFFQkN3VUFBNElCQVFCUmNhajA5T0p6dVF3TU9ZVHVQdEVtY1ZTS0xmb21od2JIRlVla2FSRW1MRE9wRGpqYQp2eU1yM1djK1MvTDgvL1QyRzZUMnhmMk5QR0dGdjZZYmlMZGlCNE1tb3QvMHkrTjVtVXJiNTV6REJIdVB4dW04CjdZZ0JDNDlVSVpsbElSQ3g4OVJHQzl2NUx4RE9KNkIxMzV3UzZtdHJXTDFvR1Jtb21Ta1ZKalFMQTRIempKQ00KOFhCNWJmcGFKck1GVUNERE5kMkpzZERhaTM5aFprMlNLSGFiQkFmSW5oVjkyTC9tRlJyWUxpTlQ5ZEI1aHRmbQpXTS9vbUs5SnRXQVh1REV1a1RCRFBVa2dQcUdMSXBVVkxTTWZBODlEM3ZPZTZ5K1g2b3B5amZaVlVzUzBFVWdqCmh5RU1KZXAzdnVYZlpEYnFKakpvR0hPUnNHUFVraEJ4RDFuawotLS0tLUVORCBDRVJUSUZJQ0FURS0tLS0tCg=="
              }
            ],
            "created_at": "2021-05-27 20:23:28.629 +0000 UTC",
            "enabled_cluster_log_types": [
              "api",
              "audit",
              "authenticator",
              "controllerManager",
              "scheduler"
            ],
            "encryption_config": [],
            "endpoint": "https://88F0E32EEE00737DC90DA838262F874F.gr7.us-west-2.eks.amazonaws.com",
            "id": "prod0",
            "identity": [
              {
                "oidc": [
                  {
                    "issuer": "https://oidc.eks.us-west-2.amazonaws.com/id/88F0E32EEE00737DC90DA838262F874F"
                  }
                ]
              }
            ],
            "kubernetes_network_config": [
              {
                "service_ipv4_cidr": "172.20.0.0/16"
              }
            ],
            "name": "prod0",
            "platform_version": "eks.1",
            "role_arn": "arn:aws:iam::923799771136:role/prod0.eksServiceRole",
            "status": "ACTIVE",
            "tags": {
              "Region": "us-west-2"
            },
            "tags_all": {
              "Config": "default",
              "Dept": "services",
              "Environment": "prod",
              "GeneratedBy": "terraform",
              "Org": "withme",
              "Region": "us-west-2",
              "Role": "automation"
            },
            "timeouts": {
              "create": "90m",
              "delete": "90m",
              "update": null
            },
            "version": "1.20",
            "vpc_config": [
              {
                "cluster_security_group_id": "sg-09e344837934fe0d0",
                "endpoint_private_access": true,
                "endpoint_public_access": true,
                "public_access_cidrs": [
                  "0.0.0.0/0"
                ],
                "security_group_ids": [
                  "sg-0653f5765512141a1",
                  "sg-0fb98483d74c01187"
                ],
                "subnet_ids": [
                  "subnet-0cc4c5508f84ede4b",
                  "subnet-0d1d9139d656137c8",
                  "subnet-0d3fa250230936db5",
                  "subnet-0d78209a874f26fec"
                ],
                "vpc_id": "vpc-08a9480ab9a90db12"
              }
            ]
          },
          "sensitive_attributes": [],
          "private": "eyJlMmJmYjczMC1lY2FhLTExZTYtOGY4OC0zNDM2M2JjN2M0YzAiOnsiY3JlYXRlIjo1NDAwMDAwMDAwMDAwLCJkZWxldGUiOjU0MDAwMDAwMDAwMDAsInVwZGF0ZSI6MzYwMDAwMDAwMDAwMH19",
          "dependencies": [
            "module.vpcs.module.eks_targets.module.cluster.aws_cloudwatch_log_group.cluster",
            "module.vpcs.module.eks_targets.module.cluster.aws_iam_role.eks_service_role",
            "module.vpcs.module.eks_targets.module.cluster.aws_iam_role_policy_attachment.cluster_AmazonEKSClusterPolicy",
            "module.vpcs.module.eks_targets.module.cluster.aws_iam_role_policy_attachment.cluster_AmazonEKSServicePolicy",
            "module.vpcs.module.eks_targets.module.cluster.aws_iam_role_policy_attachment.cluster_AmazonEKSVPCResourceControllerPolicy",
            "module.vpcs.module.eks_targets.module.cluster.aws_security_group.cluster",
            "module.vpcs.module.eks_targets.module.cluster.aws_security_group.nodes",
            "module.vpcs.module.eks_targets.module.cluster.aws_security_group_rule.cluster_egress_internet",
            "module.vpcs.module.networking.aws_route_table.private",
            "module.vpcs.module.networking.module.private.aws_route_table_association.private",
            "module.vpcs.module.networking.module.private.aws_subnet.private",
            "module.vpcs.module.vpc.aws_vpc.vpc"
          ]
        }
      ]
    },
    {
      "module": "module.vpcs[\"vpc0\"].module.eks_targets[\"prod0\"].module.cluster",
      "mode": "managed",
      "type": "aws_iam_openid_connect_provider",
      "name": "cluster",
      "provider": "provider[\"registry.terraform.io/hashicorp/aws\"]",
      "instances": [
        {
          "schema_version": 0,
          "attributes": {
            "arn": "arn:aws:iam::923799771136:oidc-provider/oidc.eks.us-west-2.amazonaws.com/id/88F0E32EEE00737DC90DA838262F874F",
            "client_id_list": [
              "sts.amazonaws.com"
            ],
            "id": "arn:aws:iam::923799771136:oidc-provider/oidc.eks.us-west-2.amazonaws.com/id/88F0E32EEE00737DC90DA838262F874F",
            "tags": {},
            "tags_all": {
              "Config": "default",
              "Dept": "services",
              "Environment": "prod",
              "GeneratedBy": "terraform",
              "Org": "withme",
              "Role": "automation"
            },
            "thumbprint_list": [
              "9e99a48a9960b14926bb7f3b02e22da2b0ab7280"
            ],
            "url": "oidc.eks.us-west-2.amazonaws.com/id/88F0E32EEE00737DC90DA838262F874F"
          },
          "sensitive_attributes": [],
          "private": "bnVsbA==",
          "dependencies": [
            "module.vpcs.module.eks_targets.module.cluster.aws_iam_role_policy_attachment.cluster_AmazonEKSClusterPolicy",
            "module.vpcs.module.eks_targets.module.cluster.aws_iam_role_policy_attachment.cluster_AmazonEKSVPCResourceControllerPolicy",
            "module.vpcs.module.eks_targets.module.cluster.data.aws_iam_policy.AmazonEKSVPCResourceController",
            "module.vpcs.module.eks_targets.module.cluster.aws_eks_cluster.cluster",
            "module.vpcs.module.eks_targets.module.cluster.data.aws_iam_policy.AmazonEKSClusterPolicy",
            "module.vpcs.module.eks_targets.module.cluster.aws_cloudwatch_log_group.cluster",
            "module.vpcs.module.eks_targets.module.cluster.aws_iam_role.eks_service_role",
            "module.vpcs.module.eks_targets.module.cluster.aws_security_group.cluster",
            "module.vpcs.module.eks_targets.module.cluster.aws_security_group.nodes",
            "module.vpcs.module.eks_targets.module.cluster.aws_security_group_rule.cluster_egress_internet",
            "module.vpcs.module.eks_targets.module.cluster.data.aws_iam_policy.AmazonEKSServicePolicy",
            "module.vpcs.module.networking.aws_route_table.private",
            "module.vpcs.module.vpc.aws_vpc.vpc",
            "module.vpcs.module.eks_targets.module.cluster.aws_iam_role_policy_attachment.cluster_AmazonEKSServicePolicy",
            "module.vpcs.module.eks_targets.module.cluster.data.tls_certificate.cluster",
            "module.vpcs.module.networking.module.private.aws_route_table_association.private",
            "module.vpcs.module.networking.module.private.aws_subnet.private"
          ]
        }
      ]
    },
    {
      "module": "module.vpcs[\"vpc0\"].module.eks_targets[\"prod0\"].module.cluster",
      "mode": "managed",
      "type": "aws_iam_role",
      "name": "eks_service_role",
      "provider": "provider[\"registry.terraform.io/hashicorp/aws\"]",
      "instances": [
        {
          "schema_version": 0,
          "attributes": {
            "arn": "arn:aws:iam::923799771136:role/prod0.eksServiceRole",
            "assume_role_policy": "{\"Version\":\"2012-10-17\",\"Statement\":[{\"Effect\":\"Allow\",\"Principal\":{\"Service\":\"eks.amazonaws.com\"},\"Action\":\"sts:AssumeRole\"}]}",
            "create_date": "2021-05-27T20:23:23Z",
            "description": "",
            "force_detach_policies": false,
            "id": "prod0.eksServiceRole",
            "inline_policy": [
              {
                "name": "",
                "policy": ""
              }
            ],
            "managed_policy_arns": [
              "arn:aws:iam::aws:policy/AmazonEKSClusterPolicy",
              "arn:aws:iam::aws:policy/AmazonEKSServicePolicy",
              "arn:aws:iam::aws:policy/AmazonEKSVPCResourceController"
            ],
            "max_session_duration": 3600,
            "name": "prod0.eksServiceRole",
            "name_prefix": null,
            "path": "/",
            "permissions_boundary": null,
            "tags": {
              "Name": "prod0-withme-services-prod-us-west-2-automation-default.eksServiceRole"
            },
            "tags_all": {
              "Config": "default",
              "Dept": "services",
              "Environment": "prod",
              "GeneratedBy": "terraform",
              "Name": "prod0-withme-services-prod-us-west-2-automation-default.eksServiceRole",
              "Org": "withme",
              "Role": "automation"
            },
            "unique_id": "AROA5OFWB3AACHMYNHEMG"
          },
          "sensitive_attributes": [],
          "private": "bnVsbA==",
          "dependencies": [
            "module.vpcs.module.vpc.aws_vpc.vpc"
          ]
        }
      ]
    },
    {
      "module": "module.vpcs[\"vpc0\"].module.eks_targets[\"prod0\"].module.cluster",
      "mode": "managed",
      "type": "aws_iam_role",
      "name": "oidc_role",
      "provider": "provider[\"registry.terraform.io/hashicorp/aws\"]",
      "instances": [
        {
          "schema_version": 0,
          "attributes": {
            "arn": "arn:aws:iam::923799771136:role/vpc-08a9480ab9a90db12-prod0.oidc_role",
            "assume_role_policy": "{\"Version\":\"2012-10-17\",\"Statement\":[{\"Sid\":\"\",\"Effect\":\"Allow\",\"Principal\":{\"Federated\":\"arn:aws:iam::923799771136:oidc-provider/oidc.eks.us-west-2.amazonaws.com/id/88F0E32EEE00737DC90DA838262F874F\"},\"Action\":\"sts:AssumeRoleWithWebIdentity\",\"Condition\":{\"StringEquals\":{\"oidc.eks.us-west-2.amazonaws.com/id/88F0E32EEE00737DC90DA838262F874F:sub\":\"system:serviceaccount:kube-system:aws-node\"}}}]}",
            "create_date": "2021-05-27T20:34:06Z",
            "description": "",
            "force_detach_policies": false,
            "id": "vpc-08a9480ab9a90db12-prod0.oidc_role",
            "inline_policy": [
              {
                "name": "",
                "policy": ""
              }
            ],
            "managed_policy_arns": [],
            "max_session_duration": 3600,
            "name": "vpc-08a9480ab9a90db12-prod0.oidc_role",
            "name_prefix": null,
            "path": "/",
            "permissions_boundary": null,
            "tags": {},
            "tags_all": {
              "Config": "default",
              "Dept": "services",
              "Environment": "prod",
              "GeneratedBy": "terraform",
              "Org": "withme",
              "Role": "automation"
            },
            "unique_id": "AROA5OFWB3AAIWAJI2G7N"
          },
          "sensitive_attributes": [],
          "private": "bnVsbA==",
          "dependencies": [
            "module.vpcs.module.eks_targets.module.cluster.aws_iam_openid_connect_provider.cluster",
            "module.vpcs.module.eks_targets.module.cluster.aws_iam_role.eks_service_role",
            "module.vpcs.module.eks_targets.module.cluster.aws_security_group.nodes",
            "module.vpcs.module.eks_targets.module.cluster.data.aws_iam_policy.AmazonEKSClusterPolicy",
            "module.vpcs.module.networking.aws_route_table.private",
            "module.vpcs.module.vpc.aws_vpc.vpc",
            "module.vpcs.module.eks_targets.module.cluster.aws_iam_role_policy_attachment.cluster_AmazonEKSVPCResourceControllerPolicy",
            "module.vpcs.module.eks_targets.module.cluster.aws_security_group.cluster",
            "module.vpcs.module.eks_targets.module.cluster.data.aws_iam_policy_document.assume_role_policy",
            "module.vpcs.module.eks_targets.module.cluster.data.tls_certificate.cluster",
            "module.vpcs.module.networking.module.private.aws_route_table_association.private",
            "module.vpcs.module.eks_targets.module.cluster.aws_iam_role_policy_attachment.cluster_AmazonEKSClusterPolicy",
            "module.vpcs.module.eks_targets.module.cluster.aws_security_group_rule.cluster_egress_internet",
            "module.vpcs.module.networking.module.private.aws_subnet.private",
            "module.vpcs.module.eks_targets.module.cluster.aws_cloudwatch_log_group.cluster",
            "module.vpcs.module.eks_targets.module.cluster.aws_eks_cluster.cluster",
            "module.vpcs.module.eks_targets.module.cluster.aws_iam_role_policy_attachment.cluster_AmazonEKSServicePolicy",
            "module.vpcs.module.eks_targets.module.cluster.data.aws_iam_policy.AmazonEKSServicePolicy",
            "module.vpcs.module.eks_targets.module.cluster.data.aws_iam_policy.AmazonEKSVPCResourceController"
          ]
        }
      ]
    },
    {
      "module": "module.vpcs[\"vpc0\"].module.eks_targets[\"prod0\"].module.cluster",
      "mode": "managed",
      "type": "aws_iam_role_policy_attachment",
      "name": "cluster_AmazonEKSClusterPolicy",
      "provider": "provider[\"registry.terraform.io/hashicorp/aws\"]",
      "instances": [
        {
          "schema_version": 0,
          "attributes": {
            "id": "prod0.eksServiceRole-20210527202326374200000006",
            "policy_arn": "arn:aws:iam::aws:policy/AmazonEKSClusterPolicy",
            "role": "prod0.eksServiceRole"
          },
          "sensitive_attributes": [],
          "private": "bnVsbA==",
          "dependencies": [
            "module.vpcs.module.eks_targets.module.cluster.aws_iam_role.eks_service_role",
            "module.vpcs.module.eks_targets.module.cluster.data.aws_iam_policy.AmazonEKSClusterPolicy",
            "module.vpcs.module.vpc.aws_vpc.vpc"
          ]
        }
      ]
    },
    {
      "module": "module.vpcs[\"vpc0\"].module.eks_targets[\"prod0\"].module.cluster",
      "mode": "managed",
      "type": "aws_iam_role_policy_attachment",
      "name": "cluster_AmazonEKSServicePolicy",
      "provider": "provider[\"registry.terraform.io/hashicorp/aws\"]",
      "instances": [
        {
          "schema_version": 0,
          "attributes": {
            "id": "prod0.eksServiceRole-20210527202326083500000005",
            "policy_arn": "arn:aws:iam::aws:policy/AmazonEKSServicePolicy",
            "role": "prod0.eksServiceRole"
          },
          "sensitive_attributes": [],
          "private": "bnVsbA==",
          "dependencies": [
            "module.vpcs.module.eks_targets.module.cluster.aws_iam_role.eks_service_role",
            "module.vpcs.module.eks_targets.module.cluster.data.aws_iam_policy.AmazonEKSServicePolicy",
            "module.vpcs.module.vpc.aws_vpc.vpc"
          ]
        }
      ]
    },
    {
      "module": "module.vpcs[\"vpc0\"].module.eks_targets[\"prod0\"].module.cluster",
      "mode": "managed",
      "type": "aws_iam_role_policy_attachment",
      "name": "cluster_AmazonEKSVPCResourceControllerPolicy",
      "provider": "provider[\"registry.terraform.io/hashicorp/aws\"]",
      "instances": [
        {
          "schema_version": 0,
          "attributes": {
            "id": "prod0.eksServiceRole-20210527202326068500000004",
            "policy_arn": "arn:aws:iam::aws:policy/AmazonEKSVPCResourceController",
            "role": "prod0.eksServiceRole"
          },
          "sensitive_attributes": [],
          "private": "bnVsbA==",
          "dependencies": [
            "module.vpcs.module.eks_targets.module.cluster.aws_iam_role.eks_service_role",
            "module.vpcs.module.eks_targets.module.cluster.data.aws_iam_policy.AmazonEKSVPCResourceController",
            "module.vpcs.module.vpc.aws_vpc.vpc"
          ]
        }
      ]
    },
    {
      "module": "module.vpcs[\"vpc0\"].module.eks_targets[\"prod0\"].module.cluster",
      "mode": "managed",
      "type": "aws_security_group",
      "name": "cluster",
      "provider": "provider[\"registry.terraform.io/hashicorp/aws\"]",
      "instances": [
        {
          "schema_version": 1,
          "attributes": {
            "arn": "arn:aws:ec2:us-west-2:923799771136:security-group/sg-0653f5765512141a1",
            "description": "EKS cluster control plane security group.",
            "egress": [
              {
                "cidr_blocks": [
                  "10.1.1.0/24",
                  "10.1.2.0/24",
                  "10.1.3.0/24",
                  "10.1.4.0/24",
                  "10.1.5.0/24",
                  "10.1.6.0/24",
                  "10.1.7.0/24",
                  "10.1.8.0/24"
                ],
                "description": "Allow cluster egress access to the Internet.",
                "from_port": 0,
                "ipv6_cidr_blocks": [],
                "prefix_list_ids": [],
                "protocol": "-1",
                "security_groups": [],
                "self": false,
                "to_port": 0
              }
            ],
            "id": "sg-0653f5765512141a1",
            "ingress": [
              {
                "cidr_blocks": [],
                "description": "Allow pods to communicate with the cluster API Server.",
                "from_port": 443,
                "ipv6_cidr_blocks": [],
                "prefix_list_ids": [],
                "protocol": "tcp",
                "security_groups": [
                  "sg-0fb98483d74c01187"
                ],
                "self": false,
                "to_port": 443
              }
            ],
            "name": "prod020210527202310649300000001",
            "name_prefix": "prod0",
            "owner_id": "923799771136",
            "revoke_rules_on_delete": false,
            "tags": {
              "Name": "prod0-eks_cluster_sg"
            },
            "tags_all": {
              "Config": "default",
              "Dept": "services",
              "Environment": "prod",
              "GeneratedBy": "terraform",
              "Name": "prod0-eks_cluster_sg",
              "Org": "withme",
              "Role": "automation"
            },
            "timeouts": null,
            "vpc_id": "vpc-08a9480ab9a90db12"
          },
          "sensitive_attributes": [],
          "private": "eyJlMmJmYjczMC1lY2FhLTExZTYtOGY4OC0zNDM2M2JjN2M0YzAiOnsiY3JlYXRlIjo2MDAwMDAwMDAwMDAsImRlbGV0ZSI6OTAwMDAwMDAwMDAwfSwic2NoZW1hX3ZlcnNpb24iOiIxIn0=",
          "dependencies": [
            "module.vpcs.module.vpc.aws_vpc.vpc"
          ]
        }
      ]
    },
    {
      "module": "module.vpcs[\"vpc0\"].module.eks_targets[\"prod0\"].module.cluster",
      "mode": "managed",
      "type": "aws_security_group",
      "name": "nodes",
      "provider": "provider[\"registry.terraform.io/hashicorp/aws\"]",
      "instances": [
        {
          "schema_version": 1,
          "attributes": {
            "arn": "arn:aws:ec2:us-west-2:923799771136:security-group/sg-0fb98483d74c01187",
            "description": "Security group for all nodes in the cluster",
            "egress": [
              {
                "cidr_blocks": [],
                "description": "Allow the cluster control plane to communicate with pods running extension API servers on port 443.",
                "from_port": 443,
                "ipv6_cidr_blocks": [],
                "prefix_list_ids": [],
                "protocol": "tcp",
                "security_groups": [
                  "sg-0653f5765512141a1"
                ],
                "self": false,
                "to_port": 443
              },
              {
                "cidr_blocks": [],
                "description": "Allow the cluster control plane to communicate with worker Kubelet and pods.",
                "from_port": 1025,
                "ipv6_cidr_blocks": [],
                "prefix_list_ids": [],
                "protocol": "tcp",
                "security_groups": [
                  "sg-0653f5765512141a1"
                ],
                "self": false,
                "to_port": 65535
              }
            ],
            "id": "sg-0fb98483d74c01187",
            "ingress": [
              {
                "cidr_blocks": [],
                "description": "Allow nodes to communicate with each other.",
                "from_port": 0,
                "ipv6_cidr_blocks": [],
                "prefix_list_ids": [],
                "protocol": "-1",
                "security_groups": [],
                "self": true,
                "to_port": 0
              },
              {
                "cidr_blocks": [],
                "description": "Allow pods running extension API servers on port 443 to receive communication from cluster control plane.",
                "from_port": 443,
                "ipv6_cidr_blocks": [],
                "prefix_list_ids": [],
                "protocol": "tcp",
                "security_groups": [
                  "sg-0653f5765512141a1"
                ],
                "self": false,
                "to_port": 443
              },
              {
                "cidr_blocks": [],
                "description": "Allow worker Kubelets and pods to receive communication from the cluster control plane.",
                "from_port": 1025,
                "ipv6_cidr_blocks": [],
                "prefix_list_ids": [],
                "protocol": "tcp",
                "security_groups": [
                  "sg-0653f5765512141a1"
                ],
                "self": false,
                "to_port": 65535
              }
            ],
            "name": "prod0-eks_cluster_nodes_sg",
            "name_prefix": "",
            "owner_id": "923799771136",
            "revoke_rules_on_delete": false,
            "tags": {
              "Name": "prod0-eks_cluster_nodes_sg"
            },
            "tags_all": {
              "Config": "default",
              "Dept": "services",
              "Environment": "prod",
              "GeneratedBy": "terraform",
              "Name": "prod0-eks_cluster_nodes_sg",
              "Org": "withme",
              "Role": "automation"
            },
            "timeouts": null,
            "vpc_id": "vpc-08a9480ab9a90db12"
          },
          "sensitive_attributes": [],
          "private": "eyJlMmJmYjczMC1lY2FhLTExZTYtOGY4OC0zNDM2M2JjN2M0YzAiOnsiY3JlYXRlIjo2MDAwMDAwMDAwMDAsImRlbGV0ZSI6OTAwMDAwMDAwMDAwfSwic2NoZW1hX3ZlcnNpb24iOiIxIn0=",
          "dependencies": [
            "module.vpcs.module.vpc.aws_vpc.vpc"
          ]
        }
      ]
    },
    {
      "module": "module.vpcs[\"vpc0\"].module.eks_targets[\"prod0\"].module.cluster",
      "mode": "managed",
      "type": "aws_security_group_rule",
      "name": "cluster_egress_internet",
      "provider": "provider[\"registry.terraform.io/hashicorp/aws\"]",
      "instances": [
        {
          "schema_version": 2,
          "attributes": {
            "cidr_blocks": [
              "10.1.1.0/24",
              "10.1.2.0/24",
              "10.1.3.0/24",
              "10.1.4.0/24",
              "10.1.5.0/24",
              "10.1.6.0/24",
              "10.1.7.0/24",
              "10.1.8.0/24"
            ],
            "description": "Allow cluster egress access to the Internet.",
            "from_port": 0,
            "id": "sgrule-3993788115",
            "ipv6_cidr_blocks": [],
            "prefix_list_ids": [],
            "protocol": "-1",
            "security_group_id": "sg-0653f5765512141a1",
            "self": false,
            "source_security_group_id": null,
            "to_port": 0,
            "type": "egress"
          },
          "sensitive_attributes": [],
          "private": "eyJzY2hlbWFfdmVyc2lvbiI6IjIifQ==",
          "dependencies": [
            "module.vpcs.module.vpc.aws_vpc.vpc",
            "module.vpcs.module.eks_targets.module.cluster.aws_security_group.cluster"
          ]
        }
      ]
    },
    {
      "module": "module.vpcs[\"vpc0\"].module.eks_targets[\"prod0\"].module.cluster",
      "mode": "managed",
      "type": "aws_security_group_rule",
      "name": "cluster_https_to_worker_egress",
      "provider": "provider[\"registry.terraform.io/hashicorp/aws\"]",
      "instances": [
        {
          "schema_version": 2,
          "attributes": {
            "cidr_blocks": [],
            "description": "Allow the cluster control plane to communicate with pods running extension API servers on port 443.",
            "from_port": 443,
            "id": "sgrule-23990076",
            "ipv6_cidr_blocks": [],
            "prefix_list_ids": [],
            "protocol": "tcp",
            "security_group_id": "sg-0fb98483d74c01187",
            "self": false,
            "source_security_group_id": "sg-0653f5765512141a1",
            "to_port": 443,
            "type": "egress"
          },
          "sensitive_attributes": [],
          "private": "eyJzY2hlbWFfdmVyc2lvbiI6IjIifQ==",
          "dependencies": [
            "module.vpcs.module.eks_targets.module.cluster.aws_security_group.cluster",
            "module.vpcs.module.eks_targets.module.cluster.aws_security_group.nodes",
            "module.vpcs.module.vpc.aws_vpc.vpc"
          ]
        }
      ]
    },
    {
      "module": "module.vpcs[\"vpc0\"].module.eks_targets[\"prod0\"].module.cluster",
      "mode": "managed",
      "type": "aws_security_group_rule",
      "name": "cluster_to_workers_kubelet_ingress",
      "provider": "provider[\"registry.terraform.io/hashicorp/aws\"]",
      "instances": [
        {
          "schema_version": 2,
          "attributes": {
            "cidr_blocks": [],
            "description": "Allow worker Kubelets and pods to receive communication from the cluster control plane.",
            "from_port": 1025,
            "id": "sgrule-3211454422",
            "ipv6_cidr_blocks": [],
            "prefix_list_ids": [],
            "protocol": "tcp",
            "security_group_id": "sg-0fb98483d74c01187",
            "self": false,
            "source_security_group_id": "sg-0653f5765512141a1",
            "to_port": 65535,
            "type": "ingress"
          },
          "sensitive_attributes": [],
          "private": "eyJzY2hlbWFfdmVyc2lvbiI6IjIifQ==",
          "dependencies": [
            "module.vpcs.module.eks_targets.module.cluster.aws_security_group.cluster",
            "module.vpcs.module.eks_targets.module.cluster.aws_security_group.nodes",
            "module.vpcs.module.vpc.aws_vpc.vpc"
          ]
        }
      ]
    },
    {
      "module": "module.vpcs[\"vpc0\"].module.eks_targets[\"prod0\"].module.cluster",
      "mode": "managed",
      "type": "aws_security_group_rule",
      "name": "worker_https_cluster_ingress",
      "provider": "provider[\"registry.terraform.io/hashicorp/aws\"]",
      "instances": [
        {
          "schema_version": 2,
          "attributes": {
            "cidr_blocks": [],
            "description": "Allow pods running extension API servers on port 443 to receive communication from cluster control plane.",
            "from_port": 443,
            "id": "sgrule-285565612",
            "ipv6_cidr_blocks": [],
            "prefix_list_ids": [],
            "protocol": "tcp",
            "security_group_id": "sg-0fb98483d74c01187",
            "self": false,
            "source_security_group_id": "sg-0653f5765512141a1",
            "to_port": 443,
            "type": "ingress"
          },
          "sensitive_attributes": [],
          "private": "eyJzY2hlbWFfdmVyc2lvbiI6IjIifQ==",
          "dependencies": [
            "module.vpcs.module.eks_targets.module.cluster.aws_security_group.cluster",
            "module.vpcs.module.eks_targets.module.cluster.aws_security_group.nodes",
            "module.vpcs.module.vpc.aws_vpc.vpc"
          ]
        }
      ]
    },
    {
      "module": "module.vpcs[\"vpc0\"].module.eks_targets[\"prod0\"].module.cluster",
      "mode": "managed",
      "type": "aws_security_group_rule",
      "name": "worker_https_to_cluster_ingress",
      "provider": "provider[\"registry.terraform.io/hashicorp/aws\"]",
      "instances": [
        {
          "schema_version": 2,
          "attributes": {
            "cidr_blocks": [],
            "description": "Allow pods to communicate with the cluster API Server.",
            "from_port": 443,
            "id": "sgrule-1548267939",
            "ipv6_cidr_blocks": [],
            "prefix_list_ids": [],
            "protocol": "tcp",
            "security_group_id": "sg-0653f5765512141a1",
            "self": false,
            "source_security_group_id": "sg-0fb98483d74c01187",
            "to_port": 443,
            "type": "ingress"
          },
          "sensitive_attributes": [],
          "private": "eyJzY2hlbWFfdmVyc2lvbiI6IjIifQ==",
          "dependencies": [
            "module.vpcs.module.eks_targets.module.cluster.aws_security_group.cluster",
            "module.vpcs.module.eks_targets.module.cluster.aws_security_group.nodes",
            "module.vpcs.module.vpc.aws_vpc.vpc"
          ]
        }
      ]
    },
    {
      "module": "module.vpcs[\"vpc0\"].module.eks_targets[\"prod0\"].module.cluster",
      "mode": "managed",
      "type": "aws_security_group_rule",
      "name": "workers_to_cluster_kubelet_egress",
      "provider": "provider[\"registry.terraform.io/hashicorp/aws\"]",
      "instances": [
        {
          "schema_version": 2,
          "attributes": {
            "cidr_blocks": [],
            "description": "Allow the cluster control plane to communicate with worker Kubelet and pods.",
            "from_port": 1025,
            "id": "sgrule-3212918740",
            "ipv6_cidr_blocks": [],
            "prefix_list_ids": [],
            "protocol": "tcp",
            "security_group_id": "sg-0fb98483d74c01187",
            "self": false,
            "source_security_group_id": "sg-0653f5765512141a1",
            "to_port": 65535,
            "type": "egress"
          },
          "sensitive_attributes": [],
          "private": "eyJzY2hlbWFfdmVyc2lvbiI6IjIifQ==",
          "dependencies": [
            "module.vpcs.module.eks_targets.module.cluster.aws_security_group.cluster",
            "module.vpcs.module.eks_targets.module.cluster.aws_security_group.nodes",
            "module.vpcs.module.vpc.aws_vpc.vpc"
          ]
        }
      ]
    },
    {
      "module": "module.vpcs[\"vpc0\"].module.eks_targets[\"prod0\"].module.cluster",
      "mode": "managed",
      "type": "aws_security_group_rule",
      "name": "workers_to_workers_ingress",
      "provider": "provider[\"registry.terraform.io/hashicorp/aws\"]",
      "instances": [
        {
          "schema_version": 2,
          "attributes": {
            "cidr_blocks": [],
            "description": "Allow nodes to communicate with each other.",
            "from_port": 0,
            "id": "sgrule-931466560",
            "ipv6_cidr_blocks": [],
            "prefix_list_ids": [],
            "protocol": "-1",
            "security_group_id": "sg-0fb98483d74c01187",
            "self": false,
            "source_security_group_id": "sg-0fb98483d74c01187",
            "to_port": 0,
            "type": "ingress"
          },
          "sensitive_attributes": [],
          "private": "eyJzY2hlbWFfdmVyc2lvbiI6IjIifQ==",
          "dependencies": [
            "module.vpcs.module.eks_targets.module.cluster.aws_security_group.nodes",
            "module.vpcs.module.vpc.aws_vpc.vpc"
          ]
        }
      ]
    },
    {
      "module": "module.vpcs[\"vpc0\"].module.eks_targets[\"prod0\"].module.stack[\"nodegroup0\"]",
      "mode": "data",
      "type": "template_file",
      "name": "amazon-eks-nodegroup_yaml",
      "provider": "provider[\"registry.terraform.io/hashicorp/template\"]",
      "instances": [
        {
          "schema_version": 0,
          "attributes": {
            "filename": null,
            "id": "1ee24d6e8905d8ab97833a3b613752be8658f1797c68e248c7b816470ed7b12b",
            "rendered": "AWSTemplateFormatVersion: 2010-09-09\nDescription: Amazon EKS - Node Group\nParameters:\n  AssociatePublicIpAddress:\n    Description: Whether or not to give instance a public IP\n    Type: String\n  KeyName:\n    Description: The EC2 Key Pair to allow SSH access to the instances\n    Type: 'AWS::EC2::KeyPair::KeyName'\n  NodeImageId:\n    Description: AMI id for the node instances.\n    Type: 'AWS::EC2::Image::Id'\n  NodeInstanceType:\n    Description: EC2 instance type for the node instances\n    Type: String\n    Default: t3.medium\n    ConstraintDescription: Must be a valid EC2 instance type\n    AllowedValues:\n      - t2.small\n      - t2.medium\n      - t2.large\n      - t2.xlarge\n      - t2.2xlarge\n      - t3.nano\n      - t3.micro\n      - t3.small\n      - t3.medium\n      - t3.large\n      - t3.xlarge\n      - t3.2xlarge\n      - m3.medium\n      - m3.large\n      - m3.xlarge\n      - m3.2xlarge\n      - m4.large\n      - m4.xlarge\n      - m4.2xlarge\n      - m4.4xlarge\n      - m4.10xlarge\n      - m5.large\n      - m5.xlarge\n      - m5.2xlarge\n      - m5.4xlarge\n      - m5.12xlarge\n      - m5.24xlarge\n      - c4.large\n      - c4.xlarge\n      - c4.2xlarge\n      - c4.4xlarge\n      - c4.8xlarge\n      - c5.large\n      - c5.xlarge\n      - c5.2xlarge\n      - c5.4xlarge\n      - c5.9xlarge\n      - c5.18xlarge\n      - i3.large\n      - i3.xlarge\n      - i3.2xlarge\n      - i3.4xlarge\n      - i3.8xlarge\n      - i3.16xlarge\n      - r3.xlarge\n      - r3.2xlarge\n      - r3.4xlarge\n      - r3.8xlarge\n      - r4.large\n      - r4.xlarge\n      - r4.2xlarge\n      - r4.4xlarge\n      - r4.8xlarge\n      - r4.16xlarge\n      - x1.16xlarge\n      - x1.32xlarge\n      - p2.xlarge\n      - p2.8xlarge\n      - p2.16xlarge\n      - p3.2xlarge\n      - p3.8xlarge\n      - p3.16xlarge\n      - p3dn.24xlarge\n      - r5.large\n      - r5.xlarge\n      - r5.2xlarge\n      - r5.4xlarge\n      - r5.12xlarge\n      - r5.24xlarge\n      - r5d.large\n      - r5d.xlarge\n      - r5d.2xlarge\n      - r5d.4xlarge\n      - r5d.12xlarge\n      - r5d.24xlarge\n      - z1d.large\n      - z1d.xlarge\n      - z1d.2xlarge\n      - z1d.3xlarge\n      - z1d.6xlarge\n      - z1d.12xlarge\n  NodeAutoScalingGroupMinSize:\n    Description: Minimum size of Node Group ASG.\n    Type: Number\n    Default: 1\n  NodeAutoScalingGroupMaxSize:\n    Description: \u003e-\n      Maximum size of Node Group ASG. Set to at least 1 greater than\n      NodeAutoScalingGroupDesiredCapacity.\n    Type: Number\n    Default: 4\n  NodeAutoScalingGroupDesiredCapacity:\n    Description: Desired capacity of Node Group ASG.\n    Type: Number\n    Default: 1\n  NodeVolumeSize:\n    Description: Node volume size\n    Type: Number\n    Default: 20\n  ClusterName:\n    Description: \u003e-\n      The cluster name provided when the cluster was created. If it is\n      incorrect, nodes will not be able to join the cluster.\n    Type: String\n  BootstrapArguments:\n    Description: \u003e-\n      Arguments to pass to the bootstrap script. See files/bootstrap.sh in\n      https://github.com/awslabs/amazon-eks-ami\n    Type: String\n    Default: ''\n  NodeGroupName:\n    Description: Unique identifier for the Node Group.\n    Type: String\n  SharedNodeSecurityGroup:\n    Description: The security group of the cluster control plane.\n    Type: 'AWS::EC2::SecurityGroup::Id'\n  ClusterControlPlaneSecurityGroup:\n    Description: The security group of the cluster control plane.\n    Type: 'AWS::EC2::SecurityGroup::Id'\n  VpcId:\n    Description: The VPC of the worker instances\n    Type: 'AWS::EC2::VPC::Id'\n  Subnets:\n    Description: The subnets where workers can be created.\n    Type: 'List\u003cAWS::EC2::Subnet::Id\u003e'\nMetadata:\n  'AWS::CloudFormation::Interface':\n    ParameterGroups:\n      - Label:\n          default: EKS Cluster\n        Parameters:\n          - ClusterName\n          - ClusterControlPlaneSecurityGroup\n      - Label:\n          default: Worker Node Configuration\n        Parameters:\n          - SharedNodeSecurityGroup\n          - NodeGroupName\n          - NodeAutoScalingGroupMinSize\n          - NodeAutoScalingGroupDesiredCapacity\n          - NodeAutoScalingGroupMaxSize\n          - NodeInstanceType\n          - NodeImageId\n          - NodeVolumeSize\n          - KeyName\n          - BootstrapArguments\n      - Label:\n          default: Worker Network Configuration\n        Parameters:\n          - VpcId\n          - Subnets\n  'AWS::CloudFormation::Designer':\n    a5e901b8-5f89-48bf-a0d2-bc5967e17185:\n      size:\n        width: 60\n        height: 60\n      position:\n        x: 90\n        'y': 80\n      z: 1\n      embeds: []\n    9ea24f46-2eed-4bf8-b377-96fa2c743f6c:\n      source:\n        id: a5e901b8-5f89-48bf-a0d2-bc5967e17185\n      target:\n        id: a5e901b8-5f89-48bf-a0d2-bc5967e17185\n      z: 1\n    1b52bbf1-16d8-4ed0-9b22-3cbd3735029e:\n      size:\n        width: 60\n        height: 60\n      position:\n        x: -150\n        'y': 130\n      z: 1\n      embeds: []\n    0a2324db-a007-4e36-aa4a-4d9afcae197a:\n      size:\n        width: 60\n        height: 60\n      position:\n        x: 60\n        'y': 210\n      z: 1\n      embeds: []\n      isassociatedwith:\n        - 1b52bbf1-16d8-4ed0-9b22-3cbd3735029e\n    b76b1871-831a-427c-b882-3b931157829a:\n      size:\n        width: 60\n        height: 60\n      position:\n        x: 180\n        'y': 210\n      z: 1\n      embeds: []\n      isassociatedwith:\n        - a5e901b8-5f89-48bf-a0d2-bc5967e17185\n    2a22b6ba-cf7e-4881-b028-ee9fe8670c1c:\n      size:\n        width: 60\n        height: 60\n      position:\n        x: 370\n        'y': 180\n      z: 1\n      embeds: []\n      isassociatedwith:\n        - b76b1871-831a-427c-b882-3b931157829a\nResources:\n  NodeInstanceProfile:\n    Type: 'AWS::IAM::InstanceProfile'\n    Properties:\n      Path: /\n      Roles:\n        - !Ref NodeInstanceRole\n    Metadata:\n      'AWS::CloudFormation::Designer':\n        id: 0a2324db-a007-4e36-aa4a-4d9afcae197a\n  NodeInstanceRole:\n    Type: 'AWS::IAM::Role'\n    Properties:\n      AssumeRolePolicyDocument:\n        Version: 2012-10-17\n        Statement:\n          - Effect: Allow\n            Principal:\n              Service: ec2.amazonaws.com\n            Action: 'sts:AssumeRole'\n      Path: /\n      ManagedPolicyArns:\n        - 'arn:aws:iam::aws:policy/AmazonEKSWorkerNodePolicy'\n        - 'arn:aws:iam::aws:policy/AmazonEKS_CNI_Policy'\n        - 'arn:aws:iam::aws:policy/AmazonEC2ContainerRegistryReadOnly'\n    Metadata:\n      'AWS::CloudFormation::Designer':\n        id: 1b52bbf1-16d8-4ed0-9b22-3cbd3735029e\n  NodeSecurityGroup:\n    Type: 'AWS::EC2::SecurityGroup'\n    Properties:\n      GroupDescription: Security group for all nodes in the cluster\n      VpcId: !Ref VpcId\n      Tags:\n        - Key: !Sub 'kubernetes.io/cluster/${ClusterName}'\n          Value: owned\n    Metadata:\n      'AWS::CloudFormation::Designer':\n        id: a5e901b8-5f89-48bf-a0d2-bc5967e17185\n  NodeSecurityGroupIngress:\n    Type: 'AWS::EC2::SecurityGroupIngress'\n    DependsOn: NodeSecurityGroup\n    Properties:\n      Description: Allow node to communicate with each other\n      GroupId: !Ref NodeSecurityGroup\n      SourceSecurityGroupId: !Ref NodeSecurityGroup\n      IpProtocol: -1\n      FromPort: 0\n      ToPort: 65535\n    Metadata:\n      'AWS::CloudFormation::Designer':\n        id: 9ea24f46-2eed-4bf8-b377-96fa2c743f6c\n  NodeSecurityGroupFromControlPlaneIngress:\n    Type: 'AWS::EC2::SecurityGroupIngress'\n    DependsOn: NodeSecurityGroup\n    Properties:\n      Description: \u003e-\n        Allow worker Kubelets and pods to receive communication from the cluster\n        control plane\n      GroupId: !Ref NodeSecurityGroup\n      SourceSecurityGroupId: !Ref ClusterControlPlaneSecurityGroup\n      IpProtocol: tcp\n      FromPort: 1025\n      ToPort: 65535\n  ControlPlaneEgressToNodeSecurityGroup:\n    Type: 'AWS::EC2::SecurityGroupEgress'\n    DependsOn: NodeSecurityGroup\n    Properties:\n      Description: \u003e-\n        Allow the cluster control plane to communicate with worker Kubelet and\n        pods\n      GroupId: !Ref ClusterControlPlaneSecurityGroup\n      DestinationSecurityGroupId: !Ref NodeSecurityGroup\n      IpProtocol: tcp\n      FromPort: 1025\n      ToPort: 65535\n  NodeSecurityGroupFromControlPlaneOn443Ingress:\n    Type: 'AWS::EC2::SecurityGroupIngress'\n    DependsOn: NodeSecurityGroup\n    Properties:\n      Description: \u003e-\n        Allow pods running extension API servers on port 443 to receive\n        communication from cluster control plane\n      GroupId: !Ref NodeSecurityGroup\n      SourceSecurityGroupId: !Ref ClusterControlPlaneSecurityGroup\n      IpProtocol: tcp\n      FromPort: 443\n      ToPort: 443\n  ControlPlaneEgressToNodeSecurityGroupOn443:\n    Type: 'AWS::EC2::SecurityGroupEgress'\n    DependsOn: NodeSecurityGroup\n    Properties:\n      Description: \u003e-\n        Allow the cluster control plane to communicate with pods running\n        extension API servers on port 443\n      GroupId: !Ref ClusterControlPlaneSecurityGroup\n      DestinationSecurityGroupId: !Ref NodeSecurityGroup\n      IpProtocol: tcp\n      FromPort: 443\n      ToPort: 443\n  ClusterControlPlaneSecurityGroupIngress:\n    Type: 'AWS::EC2::SecurityGroupIngress'\n    DependsOn: NodeSecurityGroup\n    Properties:\n      Description: Allow pods to communicate with the cluster API Server\n      GroupId: !Ref ClusterControlPlaneSecurityGroup\n      SourceSecurityGroupId: !Ref NodeSecurityGroup\n      IpProtocol: tcp\n      ToPort: 443\n      FromPort: 443\n  NodeGroup:\n    Type: 'AWS::AutoScaling::AutoScalingGroup'\n    Properties:\n      DesiredCapacity: !Ref NodeAutoScalingGroupDesiredCapacity\n      LaunchConfigurationName: !Ref NodeLaunchConfig\n      MinSize: !Ref NodeAutoScalingGroupMinSize\n      MaxSize: !Ref NodeAutoScalingGroupMaxSize\n      VPCZoneIdentifier: !Ref Subnets\n      Tags:\n        - Key: Name\n          Value: !Sub '${ClusterName}-${NodeGroupName}-Node'\n          PropagateAtLaunch: true\n        - Key: !Sub 'kubernetes.io/cluster/${ClusterName}'\n          Value: owned\n          PropagateAtLaunch: true\n    UpdatePolicy:\n      AutoScalingRollingUpdate:\n#        MaxBatchSize: 6\n        MaxBatchSize: !Ref NodeAutoScalingGroupMaxSize\n#        MinInstancesInService: !Ref NodeAutoScalingGroupDesiredCapacity\n        MinInstancesInService: 0\n        PauseTime: PT3M\n    Metadata:\n      'AWS::CloudFormation::Designer':\n        id: 2a22b6ba-cf7e-4881-b028-ee9fe8670c1c\n  NodeLaunchConfig:\n    Type: 'AWS::AutoScaling::LaunchConfiguration'\n    Properties:\n      AssociatePublicIpAddress: !Ref AssociatePublicIpAddress\n      IamInstanceProfile: !Ref NodeInstanceProfile\n      ImageId: !Ref NodeImageId\n      InstanceType: !Ref NodeInstanceType\n      KeyName: !Ref KeyName\n      SecurityGroups:\n        - !Ref NodeSecurityGroup\n        - !Ref SharedNodeSecurityGroup\n      BlockDeviceMappings:\n        - DeviceName: /dev/xvda\n          Ebs:\n            VolumeSize: !Ref NodeVolumeSize\n            VolumeType: gp2\n            DeleteOnTermination: true\n      UserData:\n        'Fn::Base64': !Sub |\n          #!/bin/bash\n          set -o xtrace\n          /etc/eks/bootstrap.sh ${ClusterName} ${BootstrapArguments}\n          /opt/aws/bin/cfn-signal --exit-code $$? \\\n                   --stack  ${AWS::StackName} \\\n                   --resource NodeGroup  \\\n                   --region ${AWS::Region}\n    Metadata:\n      'AWS::CloudFormation::Designer':\n        id: b76b1871-831a-427c-b882-3b931157829a\nOutputs:\n  NodeInstanceRole:\n    Description: The node instance role\n    Value: !GetAtt NodeInstanceRole.Arn\n  NodeSecurityGroup:\n    Description: The security group for the node group\n    Value: !Ref NodeSecurityGroup\n",
            "template": "AWSTemplateFormatVersion: 2010-09-09\nDescription: Amazon EKS - Node Group\nParameters:\n  AssociatePublicIpAddress:\n    Description: Whether or not to give instance a public IP\n    Type: String\n  KeyName:\n    Description: The EC2 Key Pair to allow SSH access to the instances\n    Type: 'AWS::EC2::KeyPair::KeyName'\n  NodeImageId:\n    Description: AMI id for the node instances.\n    Type: 'AWS::EC2::Image::Id'\n  NodeInstanceType:\n    Description: EC2 instance type for the node instances\n    Type: String\n    Default: t3.medium\n    ConstraintDescription: Must be a valid EC2 instance type\n    AllowedValues:\n      - t2.small\n      - t2.medium\n      - t2.large\n      - t2.xlarge\n      - t2.2xlarge\n      - t3.nano\n      - t3.micro\n      - t3.small\n      - t3.medium\n      - t3.large\n      - t3.xlarge\n      - t3.2xlarge\n      - m3.medium\n      - m3.large\n      - m3.xlarge\n      - m3.2xlarge\n      - m4.large\n      - m4.xlarge\n      - m4.2xlarge\n      - m4.4xlarge\n      - m4.10xlarge\n      - m5.large\n      - m5.xlarge\n      - m5.2xlarge\n      - m5.4xlarge\n      - m5.12xlarge\n      - m5.24xlarge\n      - c4.large\n      - c4.xlarge\n      - c4.2xlarge\n      - c4.4xlarge\n      - c4.8xlarge\n      - c5.large\n      - c5.xlarge\n      - c5.2xlarge\n      - c5.4xlarge\n      - c5.9xlarge\n      - c5.18xlarge\n      - i3.large\n      - i3.xlarge\n      - i3.2xlarge\n      - i3.4xlarge\n      - i3.8xlarge\n      - i3.16xlarge\n      - r3.xlarge\n      - r3.2xlarge\n      - r3.4xlarge\n      - r3.8xlarge\n      - r4.large\n      - r4.xlarge\n      - r4.2xlarge\n      - r4.4xlarge\n      - r4.8xlarge\n      - r4.16xlarge\n      - x1.16xlarge\n      - x1.32xlarge\n      - p2.xlarge\n      - p2.8xlarge\n      - p2.16xlarge\n      - p3.2xlarge\n      - p3.8xlarge\n      - p3.16xlarge\n      - p3dn.24xlarge\n      - r5.large\n      - r5.xlarge\n      - r5.2xlarge\n      - r5.4xlarge\n      - r5.12xlarge\n      - r5.24xlarge\n      - r5d.large\n      - r5d.xlarge\n      - r5d.2xlarge\n      - r5d.4xlarge\n      - r5d.12xlarge\n      - r5d.24xlarge\n      - z1d.large\n      - z1d.xlarge\n      - z1d.2xlarge\n      - z1d.3xlarge\n      - z1d.6xlarge\n      - z1d.12xlarge\n  NodeAutoScalingGroupMinSize:\n    Description: Minimum size of Node Group ASG.\n    Type: Number\n    Default: 1\n  NodeAutoScalingGroupMaxSize:\n    Description: \u003e-\n      Maximum size of Node Group ASG. Set to at least 1 greater than\n      NodeAutoScalingGroupDesiredCapacity.\n    Type: Number\n    Default: 4\n  NodeAutoScalingGroupDesiredCapacity:\n    Description: Desired capacity of Node Group ASG.\n    Type: Number\n    Default: 1\n  NodeVolumeSize:\n    Description: Node volume size\n    Type: Number\n    Default: 20\n  ClusterName:\n    Description: \u003e-\n      The cluster name provided when the cluster was created. If it is\n      incorrect, nodes will not be able to join the cluster.\n    Type: String\n  BootstrapArguments:\n    Description: \u003e-\n      Arguments to pass to the bootstrap script. See files/bootstrap.sh in\n      https://github.com/awslabs/amazon-eks-ami\n    Type: String\n    Default: ''\n  NodeGroupName:\n    Description: Unique identifier for the Node Group.\n    Type: String\n  SharedNodeSecurityGroup:\n    Description: The security group of the cluster control plane.\n    Type: 'AWS::EC2::SecurityGroup::Id'\n  ClusterControlPlaneSecurityGroup:\n    Description: The security group of the cluster control plane.\n    Type: 'AWS::EC2::SecurityGroup::Id'\n  VpcId:\n    Description: The VPC of the worker instances\n    Type: 'AWS::EC2::VPC::Id'\n  Subnets:\n    Description: The subnets where workers can be created.\n    Type: 'List\u003cAWS::EC2::Subnet::Id\u003e'\nMetadata:\n  'AWS::CloudFormation::Interface':\n    ParameterGroups:\n      - Label:\n          default: EKS Cluster\n        Parameters:\n          - ClusterName\n          - ClusterControlPlaneSecurityGroup\n      - Label:\n          default: Worker Node Configuration\n        Parameters:\n          - SharedNodeSecurityGroup\n          - NodeGroupName\n          - NodeAutoScalingGroupMinSize\n          - NodeAutoScalingGroupDesiredCapacity\n          - NodeAutoScalingGroupMaxSize\n          - NodeInstanceType\n          - NodeImageId\n          - NodeVolumeSize\n          - KeyName\n          - BootstrapArguments\n      - Label:\n          default: Worker Network Configuration\n        Parameters:\n          - VpcId\n          - Subnets\n  'AWS::CloudFormation::Designer':\n    a5e901b8-5f89-48bf-a0d2-bc5967e17185:\n      size:\n        width: 60\n        height: 60\n      position:\n        x: 90\n        'y': 80\n      z: 1\n      embeds: []\n    9ea24f46-2eed-4bf8-b377-96fa2c743f6c:\n      source:\n        id: a5e901b8-5f89-48bf-a0d2-bc5967e17185\n      target:\n        id: a5e901b8-5f89-48bf-a0d2-bc5967e17185\n      z: 1\n    1b52bbf1-16d8-4ed0-9b22-3cbd3735029e:\n      size:\n        width: 60\n        height: 60\n      position:\n        x: -150\n        'y': 130\n      z: 1\n      embeds: []\n    0a2324db-a007-4e36-aa4a-4d9afcae197a:\n      size:\n        width: 60\n        height: 60\n      position:\n        x: 60\n        'y': 210\n      z: 1\n      embeds: []\n      isassociatedwith:\n        - 1b52bbf1-16d8-4ed0-9b22-3cbd3735029e\n    b76b1871-831a-427c-b882-3b931157829a:\n      size:\n        width: 60\n        height: 60\n      position:\n        x: 180\n        'y': 210\n      z: 1\n      embeds: []\n      isassociatedwith:\n        - a5e901b8-5f89-48bf-a0d2-bc5967e17185\n    2a22b6ba-cf7e-4881-b028-ee9fe8670c1c:\n      size:\n        width: 60\n        height: 60\n      position:\n        x: 370\n        'y': 180\n      z: 1\n      embeds: []\n      isassociatedwith:\n        - b76b1871-831a-427c-b882-3b931157829a\nResources:\n  NodeInstanceProfile:\n    Type: 'AWS::IAM::InstanceProfile'\n    Properties:\n      Path: /\n      Roles:\n        - !Ref NodeInstanceRole\n    Metadata:\n      'AWS::CloudFormation::Designer':\n        id: 0a2324db-a007-4e36-aa4a-4d9afcae197a\n  NodeInstanceRole:\n    Type: 'AWS::IAM::Role'\n    Properties:\n      AssumeRolePolicyDocument:\n        Version: 2012-10-17\n        Statement:\n          - Effect: Allow\n            Principal:\n              Service: ec2.amazonaws.com\n            Action: 'sts:AssumeRole'\n      Path: /\n      ManagedPolicyArns:\n        - 'arn:aws:iam::aws:policy/AmazonEKSWorkerNodePolicy'\n        - 'arn:aws:iam::aws:policy/AmazonEKS_CNI_Policy'\n        - 'arn:aws:iam::aws:policy/AmazonEC2ContainerRegistryReadOnly'\n    Metadata:\n      'AWS::CloudFormation::Designer':\n        id: 1b52bbf1-16d8-4ed0-9b22-3cbd3735029e\n  NodeSecurityGroup:\n    Type: 'AWS::EC2::SecurityGroup'\n    Properties:\n      GroupDescription: Security group for all nodes in the cluster\n      VpcId: !Ref VpcId\n      Tags:\n        - Key: !Sub 'kubernetes.io/cluster/$${ClusterName}'\n          Value: owned\n    Metadata:\n      'AWS::CloudFormation::Designer':\n        id: a5e901b8-5f89-48bf-a0d2-bc5967e17185\n  NodeSecurityGroupIngress:\n    Type: 'AWS::EC2::SecurityGroupIngress'\n    DependsOn: NodeSecurityGroup\n    Properties:\n      Description: Allow node to communicate with each other\n      GroupId: !Ref NodeSecurityGroup\n      SourceSecurityGroupId: !Ref NodeSecurityGroup\n      IpProtocol: -1\n      FromPort: 0\n      ToPort: 65535\n    Metadata:\n      'AWS::CloudFormation::Designer':\n        id: 9ea24f46-2eed-4bf8-b377-96fa2c743f6c\n  NodeSecurityGroupFromControlPlaneIngress:\n    Type: 'AWS::EC2::SecurityGroupIngress'\n    DependsOn: NodeSecurityGroup\n    Properties:\n      Description: \u003e-\n        Allow worker Kubelets and pods to receive communication from the cluster\n        control plane\n      GroupId: !Ref NodeSecurityGroup\n      SourceSecurityGroupId: !Ref ClusterControlPlaneSecurityGroup\n      IpProtocol: tcp\n      FromPort: 1025\n      ToPort: 65535\n  ControlPlaneEgressToNodeSecurityGroup:\n    Type: 'AWS::EC2::SecurityGroupEgress'\n    DependsOn: NodeSecurityGroup\n    Properties:\n      Description: \u003e-\n        Allow the cluster control plane to communicate with worker Kubelet and\n        pods\n      GroupId: !Ref ClusterControlPlaneSecurityGroup\n      DestinationSecurityGroupId: !Ref NodeSecurityGroup\n      IpProtocol: tcp\n      FromPort: 1025\n      ToPort: 65535\n  NodeSecurityGroupFromControlPlaneOn443Ingress:\n    Type: 'AWS::EC2::SecurityGroupIngress'\n    DependsOn: NodeSecurityGroup\n    Properties:\n      Description: \u003e-\n        Allow pods running extension API servers on port 443 to receive\n        communication from cluster control plane\n      GroupId: !Ref NodeSecurityGroup\n      SourceSecurityGroupId: !Ref ClusterControlPlaneSecurityGroup\n      IpProtocol: tcp\n      FromPort: 443\n      ToPort: 443\n  ControlPlaneEgressToNodeSecurityGroupOn443:\n    Type: 'AWS::EC2::SecurityGroupEgress'\n    DependsOn: NodeSecurityGroup\n    Properties:\n      Description: \u003e-\n        Allow the cluster control plane to communicate with pods running\n        extension API servers on port 443\n      GroupId: !Ref ClusterControlPlaneSecurityGroup\n      DestinationSecurityGroupId: !Ref NodeSecurityGroup\n      IpProtocol: tcp\n      FromPort: 443\n      ToPort: 443\n  ClusterControlPlaneSecurityGroupIngress:\n    Type: 'AWS::EC2::SecurityGroupIngress'\n    DependsOn: NodeSecurityGroup\n    Properties:\n      Description: Allow pods to communicate with the cluster API Server\n      GroupId: !Ref ClusterControlPlaneSecurityGroup\n      SourceSecurityGroupId: !Ref NodeSecurityGroup\n      IpProtocol: tcp\n      ToPort: 443\n      FromPort: 443\n  NodeGroup:\n    Type: 'AWS::AutoScaling::AutoScalingGroup'\n    Properties:\n      DesiredCapacity: !Ref NodeAutoScalingGroupDesiredCapacity\n      LaunchConfigurationName: !Ref NodeLaunchConfig\n      MinSize: !Ref NodeAutoScalingGroupMinSize\n      MaxSize: !Ref NodeAutoScalingGroupMaxSize\n      VPCZoneIdentifier: !Ref Subnets\n      Tags:\n        - Key: Name\n          Value: !Sub '$${ClusterName}-$${NodeGroupName}-Node'\n          PropagateAtLaunch: true\n        - Key: !Sub 'kubernetes.io/cluster/$${ClusterName}'\n          Value: owned\n          PropagateAtLaunch: true\n    UpdatePolicy:\n      AutoScalingRollingUpdate:\n#        MaxBatchSize: 6\n        MaxBatchSize: !Ref NodeAutoScalingGroupMaxSize\n#        MinInstancesInService: !Ref NodeAutoScalingGroupDesiredCapacity\n        MinInstancesInService: 0\n        PauseTime: PT3M\n    Metadata:\n      'AWS::CloudFormation::Designer':\n        id: 2a22b6ba-cf7e-4881-b028-ee9fe8670c1c\n  NodeLaunchConfig:\n    Type: 'AWS::AutoScaling::LaunchConfiguration'\n    Properties:\n      AssociatePublicIpAddress: !Ref AssociatePublicIpAddress\n      IamInstanceProfile: !Ref NodeInstanceProfile\n      ImageId: !Ref NodeImageId\n      InstanceType: !Ref NodeInstanceType\n      KeyName: !Ref KeyName\n      SecurityGroups:\n        - !Ref NodeSecurityGroup\n        - !Ref SharedNodeSecurityGroup\n      BlockDeviceMappings:\n        - DeviceName: /dev/xvda\n          Ebs:\n            VolumeSize: !Ref NodeVolumeSize\n            VolumeType: gp2\n            DeleteOnTermination: true\n      UserData:\n        'Fn::Base64': !Sub |\n          #!/bin/bash\n          set -o xtrace\n          /etc/eks/bootstrap.sh $${ClusterName} $${BootstrapArguments}\n          /opt/aws/bin/cfn-signal --exit-code $$? \\\n                   --stack  $${AWS::StackName} \\\n                   --resource NodeGroup  \\\n                   --region $${AWS::Region}\n    Metadata:\n      'AWS::CloudFormation::Designer':\n        id: b76b1871-831a-427c-b882-3b931157829a\nOutputs:\n  NodeInstanceRole:\n    Description: The node instance role\n    Value: !GetAtt NodeInstanceRole.Arn\n  NodeSecurityGroup:\n    Description: The security group for the node group\n    Value: !Ref NodeSecurityGroup\n",
            "vars": null
          },
          "sensitive_attributes": []
        }
      ]
    },
    {
      "module": "module.vpcs[\"vpc0\"].module.eks_targets[\"prod0\"].module.stack[\"nodegroup0\"]",
      "mode": "managed",
      "type": "aws_cloudformation_stack",
      "name": "stack",
      "provider": "provider[\"registry.terraform.io/hashicorp/aws\"]",
      "instances": [
        {
          "schema_version": 0,
          "attributes": {
            "capabilities": [
              "CAPABILITY_IAM"
            ],
            "disable_rollback": false,
            "iam_role_arn": "",
            "id": "arn:aws:cloudformation:us-west-2:923799771136:stack/withme-services-prod-us-west-2-automation-default-nodegroup0/7bf84820-bf2b-11eb-87f5-021322717cf9",
            "name": "withme-services-prod-us-west-2-automation-default-nodegroup0",
            "notification_arns": null,
            "on_failure": null,
            "outputs": {
              "NodeInstanceRole": "arn:aws:iam::923799771136:role/withme-services-prod-us-west-2-au-NodeInstanceRole-1PW0PR7W9C7WN",
              "NodeSecurityGroup": "sg-061c706241a7051f9"
            },
            "parameters": {
              "AssociatePublicIpAddress": "false",
              "BootstrapArguments": "",
              "ClusterControlPlaneSecurityGroup": "sg-0653f5765512141a1",
              "ClusterName": "prod0",
              "KeyName": "prod-vpc0-prod0",
              "NodeAutoScalingGroupDesiredCapacity": "8",
              "NodeAutoScalingGroupMaxSize": "16",
              "NodeAutoScalingGroupMinSize": "1",
              "NodeGroupName": "nodegroup0",
              "NodeImageId": "ami-0010b93bf152621e5",
              "NodeInstanceType": "m5.large",
              "NodeVolumeSize": "1000",
              "SharedNodeSecurityGroup": "sg-0fb98483d74c01187",
              "Subnets": "subnet-078c9a276ceec5842,subnet-0dc02c49f183da9d5,subnet-0a780172f7b511eec,subnet-0c29a65ec572f5b00",
              "VpcId": "vpc-08a9480ab9a90db12"
            },
            "policy_body": null,
            "policy_url": null,
            "tags": {
              "Region": "us-west-2"
            },
            "tags_all": {
              "Config": "default",
              "Dept": "services",
              "Environment": "prod",
              "GeneratedBy": "terraform",
              "Org": "withme",
              "Region": "us-west-2",
              "Role": "automation"
            },
            "template_body": "AWSTemplateFormatVersion: 2010-09-09\nDescription: Amazon EKS - Node Group\nParameters:\n  AssociatePublicIpAddress:\n    Description: Whether or not to give instance a public IP\n    Type: String\n  KeyName:\n    Description: The EC2 Key Pair to allow SSH access to the instances\n    Type: 'AWS::EC2::KeyPair::KeyName'\n  NodeImageId:\n    Description: AMI id for the node instances.\n    Type: 'AWS::EC2::Image::Id'\n  NodeInstanceType:\n    Description: EC2 instance type for the node instances\n    Type: String\n    Default: t3.medium\n    ConstraintDescription: Must be a valid EC2 instance type\n    AllowedValues:\n      - t2.small\n      - t2.medium\n      - t2.large\n      - t2.xlarge\n      - t2.2xlarge\n      - t3.nano\n      - t3.micro\n      - t3.small\n      - t3.medium\n      - t3.large\n      - t3.xlarge\n      - t3.2xlarge\n      - m3.medium\n      - m3.large\n      - m3.xlarge\n      - m3.2xlarge\n      - m4.large\n      - m4.xlarge\n      - m4.2xlarge\n      - m4.4xlarge\n      - m4.10xlarge\n      - m5.large\n      - m5.xlarge\n      - m5.2xlarge\n      - m5.4xlarge\n      - m5.12xlarge\n      - m5.24xlarge\n      - c4.large\n      - c4.xlarge\n      - c4.2xlarge\n      - c4.4xlarge\n      - c4.8xlarge\n      - c5.large\n      - c5.xlarge\n      - c5.2xlarge\n      - c5.4xlarge\n      - c5.9xlarge\n      - c5.18xlarge\n      - i3.large\n      - i3.xlarge\n      - i3.2xlarge\n      - i3.4xlarge\n      - i3.8xlarge\n      - i3.16xlarge\n      - r3.xlarge\n      - r3.2xlarge\n      - r3.4xlarge\n      - r3.8xlarge\n      - r4.large\n      - r4.xlarge\n      - r4.2xlarge\n      - r4.4xlarge\n      - r4.8xlarge\n      - r4.16xlarge\n      - x1.16xlarge\n      - x1.32xlarge\n      - p2.xlarge\n      - p2.8xlarge\n      - p2.16xlarge\n      - p3.2xlarge\n      - p3.8xlarge\n      - p3.16xlarge\n      - p3dn.24xlarge\n      - r5.large\n      - r5.xlarge\n      - r5.2xlarge\n      - r5.4xlarge\n      - r5.12xlarge\n      - r5.24xlarge\n      - r5d.large\n      - r5d.xlarge\n      - r5d.2xlarge\n      - r5d.4xlarge\n      - r5d.12xlarge\n      - r5d.24xlarge\n      - z1d.large\n      - z1d.xlarge\n      - z1d.2xlarge\n      - z1d.3xlarge\n      - z1d.6xlarge\n      - z1d.12xlarge\n  NodeAutoScalingGroupMinSize:\n    Description: Minimum size of Node Group ASG.\n    Type: Number\n    Default: 1\n  NodeAutoScalingGroupMaxSize:\n    Description: \u003e-\n      Maximum size of Node Group ASG. Set to at least 1 greater than\n      NodeAutoScalingGroupDesiredCapacity.\n    Type: Number\n    Default: 4\n  NodeAutoScalingGroupDesiredCapacity:\n    Description: Desired capacity of Node Group ASG.\n    Type: Number\n    Default: 1\n  NodeVolumeSize:\n    Description: Node volume size\n    Type: Number\n    Default: 20\n  ClusterName:\n    Description: \u003e-\n      The cluster name provided when the cluster was created. If it is\n      incorrect, nodes will not be able to join the cluster.\n    Type: String\n  BootstrapArguments:\n    Description: \u003e-\n      Arguments to pass to the bootstrap script. See files/bootstrap.sh in\n      https://github.com/awslabs/amazon-eks-ami\n    Type: String\n    Default: ''\n  NodeGroupName:\n    Description: Unique identifier for the Node Group.\n    Type: String\n  SharedNodeSecurityGroup:\n    Description: The security group of the cluster control plane.\n    Type: 'AWS::EC2::SecurityGroup::Id'\n  ClusterControlPlaneSecurityGroup:\n    Description: The security group of the cluster control plane.\n    Type: 'AWS::EC2::SecurityGroup::Id'\n  VpcId:\n    Description: The VPC of the worker instances\n    Type: 'AWS::EC2::VPC::Id'\n  Subnets:\n    Description: The subnets where workers can be created.\n    Type: 'List\u003cAWS::EC2::Subnet::Id\u003e'\nMetadata:\n  'AWS::CloudFormation::Interface':\n    ParameterGroups:\n      - Label:\n          default: EKS Cluster\n        Parameters:\n          - ClusterName\n          - ClusterControlPlaneSecurityGroup\n      - Label:\n          default: Worker Node Configuration\n        Parameters:\n          - SharedNodeSecurityGroup\n          - NodeGroupName\n          - NodeAutoScalingGroupMinSize\n          - NodeAutoScalingGroupDesiredCapacity\n          - NodeAutoScalingGroupMaxSize\n          - NodeInstanceType\n          - NodeImageId\n          - NodeVolumeSize\n          - KeyName\n          - BootstrapArguments\n      - Label:\n          default: Worker Network Configuration\n        Parameters:\n          - VpcId\n          - Subnets\n  'AWS::CloudFormation::Designer':\n    a5e901b8-5f89-48bf-a0d2-bc5967e17185:\n      size:\n        width: 60\n        height: 60\n      position:\n        x: 90\n        'y': 80\n      z: 1\n      embeds: []\n    9ea24f46-2eed-4bf8-b377-96fa2c743f6c:\n      source:\n        id: a5e901b8-5f89-48bf-a0d2-bc5967e17185\n      target:\n        id: a5e901b8-5f89-48bf-a0d2-bc5967e17185\n      z: 1\n    1b52bbf1-16d8-4ed0-9b22-3cbd3735029e:\n      size:\n        width: 60\n        height: 60\n      position:\n        x: -150\n        'y': 130\n      z: 1\n      embeds: []\n    0a2324db-a007-4e36-aa4a-4d9afcae197a:\n      size:\n        width: 60\n        height: 60\n      position:\n        x: 60\n        'y': 210\n      z: 1\n      embeds: []\n      isassociatedwith:\n        - 1b52bbf1-16d8-4ed0-9b22-3cbd3735029e\n    b76b1871-831a-427c-b882-3b931157829a:\n      size:\n        width: 60\n        height: 60\n      position:\n        x: 180\n        'y': 210\n      z: 1\n      embeds: []\n      isassociatedwith:\n        - a5e901b8-5f89-48bf-a0d2-bc5967e17185\n    2a22b6ba-cf7e-4881-b028-ee9fe8670c1c:\n      size:\n        width: 60\n        height: 60\n      position:\n        x: 370\n        'y': 180\n      z: 1\n      embeds: []\n      isassociatedwith:\n        - b76b1871-831a-427c-b882-3b931157829a\nResources:\n  NodeInstanceProfile:\n    Type: 'AWS::IAM::InstanceProfile'\n    Properties:\n      Path: /\n      Roles:\n        - !Ref NodeInstanceRole\n    Metadata:\n      'AWS::CloudFormation::Designer':\n        id: 0a2324db-a007-4e36-aa4a-4d9afcae197a\n  NodeInstanceRole:\n    Type: 'AWS::IAM::Role'\n    Properties:\n      AssumeRolePolicyDocument:\n        Version: 2012-10-17\n        Statement:\n          - Effect: Allow\n            Principal:\n              Service: ec2.amazonaws.com\n            Action: 'sts:AssumeRole'\n      Path: /\n      ManagedPolicyArns:\n        - 'arn:aws:iam::aws:policy/AmazonEKSWorkerNodePolicy'\n        - 'arn:aws:iam::aws:policy/AmazonEKS_CNI_Policy'\n        - 'arn:aws:iam::aws:policy/AmazonEC2ContainerRegistryReadOnly'\n    Metadata:\n      'AWS::CloudFormation::Designer':\n        id: 1b52bbf1-16d8-4ed0-9b22-3cbd3735029e\n  NodeSecurityGroup:\n    Type: 'AWS::EC2::SecurityGroup'\n    Properties:\n      GroupDescription: Security group for all nodes in the cluster\n      VpcId: !Ref VpcId\n      Tags:\n        - Key: !Sub 'kubernetes.io/cluster/${ClusterName}'\n          Value: owned\n    Metadata:\n      'AWS::CloudFormation::Designer':\n        id: a5e901b8-5f89-48bf-a0d2-bc5967e17185\n  NodeSecurityGroupIngress:\n    Type: 'AWS::EC2::SecurityGroupIngress'\n    DependsOn: NodeSecurityGroup\n    Properties:\n      Description: Allow node to communicate with each other\n      GroupId: !Ref NodeSecurityGroup\n      SourceSecurityGroupId: !Ref NodeSecurityGroup\n      IpProtocol: -1\n      FromPort: 0\n      ToPort: 65535\n    Metadata:\n      'AWS::CloudFormation::Designer':\n        id: 9ea24f46-2eed-4bf8-b377-96fa2c743f6c\n  NodeSecurityGroupFromControlPlaneIngress:\n    Type: 'AWS::EC2::SecurityGroupIngress'\n    DependsOn: NodeSecurityGroup\n    Properties:\n      Description: \u003e-\n        Allow worker Kubelets and pods to receive communication from the cluster\n        control plane\n      GroupId: !Ref NodeSecurityGroup\n      SourceSecurityGroupId: !Ref ClusterControlPlaneSecurityGroup\n      IpProtocol: tcp\n      FromPort: 1025\n      ToPort: 65535\n  ControlPlaneEgressToNodeSecurityGroup:\n    Type: 'AWS::EC2::SecurityGroupEgress'\n    DependsOn: NodeSecurityGroup\n    Properties:\n      Description: \u003e-\n        Allow the cluster control plane to communicate with worker Kubelet and\n        pods\n      GroupId: !Ref ClusterControlPlaneSecurityGroup\n      DestinationSecurityGroupId: !Ref NodeSecurityGroup\n      IpProtocol: tcp\n      FromPort: 1025\n      ToPort: 65535\n  NodeSecurityGroupFromControlPlaneOn443Ingress:\n    Type: 'AWS::EC2::SecurityGroupIngress'\n    DependsOn: NodeSecurityGroup\n    Properties:\n      Description: \u003e-\n        Allow pods running extension API servers on port 443 to receive\n        communication from cluster control plane\n      GroupId: !Ref NodeSecurityGroup\n      SourceSecurityGroupId: !Ref ClusterControlPlaneSecurityGroup\n      IpProtocol: tcp\n      FromPort: 443\n      ToPort: 443\n  ControlPlaneEgressToNodeSecurityGroupOn443:\n    Type: 'AWS::EC2::SecurityGroupEgress'\n    DependsOn: NodeSecurityGroup\n    Properties:\n      Description: \u003e-\n        Allow the cluster control plane to communicate with pods running\n        extension API servers on port 443\n      GroupId: !Ref ClusterControlPlaneSecurityGroup\n      DestinationSecurityGroupId: !Ref NodeSecurityGroup\n      IpProtocol: tcp\n      FromPort: 443\n      ToPort: 443\n  ClusterControlPlaneSecurityGroupIngress:\n    Type: 'AWS::EC2::SecurityGroupIngress'\n    DependsOn: NodeSecurityGroup\n    Properties:\n      Description: Allow pods to communicate with the cluster API Server\n      GroupId: !Ref ClusterControlPlaneSecurityGroup\n      SourceSecurityGroupId: !Ref NodeSecurityGroup\n      IpProtocol: tcp\n      ToPort: 443\n      FromPort: 443\n  NodeGroup:\n    Type: 'AWS::AutoScaling::AutoScalingGroup'\n    Properties:\n      DesiredCapacity: !Ref NodeAutoScalingGroupDesiredCapacity\n      LaunchConfigurationName: !Ref NodeLaunchConfig\n      MinSize: !Ref NodeAutoScalingGroupMinSize\n      MaxSize: !Ref NodeAutoScalingGroupMaxSize\n      VPCZoneIdentifier: !Ref Subnets\n      Tags:\n        - Key: Name\n          Value: !Sub '${ClusterName}-${NodeGroupName}-Node'\n          PropagateAtLaunch: true\n        - Key: !Sub 'kubernetes.io/cluster/${ClusterName}'\n          Value: owned\n          PropagateAtLaunch: true\n    UpdatePolicy:\n      AutoScalingRollingUpdate:\n#        MaxBatchSize: 6\n        MaxBatchSize: !Ref NodeAutoScalingGroupMaxSize\n#        MinInstancesInService: !Ref NodeAutoScalingGroupDesiredCapacity\n        MinInstancesInService: 0\n        PauseTime: PT3M\n    Metadata:\n      'AWS::CloudFormation::Designer':\n        id: 2a22b6ba-cf7e-4881-b028-ee9fe8670c1c\n  NodeLaunchConfig:\n    Type: 'AWS::AutoScaling::LaunchConfiguration'\n    Properties:\n      AssociatePublicIpAddress: !Ref AssociatePublicIpAddress\n      IamInstanceProfile: !Ref NodeInstanceProfile\n      ImageId: !Ref NodeImageId\n      InstanceType: !Ref NodeInstanceType\n      KeyName: !Ref KeyName\n      SecurityGroups:\n        - !Ref NodeSecurityGroup\n        - !Ref SharedNodeSecurityGroup\n      BlockDeviceMappings:\n        - DeviceName: /dev/xvda\n          Ebs:\n            VolumeSize: !Ref NodeVolumeSize\n            VolumeType: gp2\n            DeleteOnTermination: true\n      UserData:\n        'Fn::Base64': !Sub |\n          #!/bin/bash\n          set -o xtrace\n          /etc/eks/bootstrap.sh ${ClusterName} ${BootstrapArguments}\n          /opt/aws/bin/cfn-signal --exit-code $$? \\\n                   --stack  ${AWS::StackName} \\\n                   --resource NodeGroup  \\\n                   --region ${AWS::Region}\n    Metadata:\n      'AWS::CloudFormation::Designer':\n        id: b76b1871-831a-427c-b882-3b931157829a\nOutputs:\n  NodeInstanceRole:\n    Description: The node instance role\n    Value: !GetAtt NodeInstanceRole.Arn\n  NodeSecurityGroup:\n    Description: The security group for the node group\n    Value: !Ref NodeSecurityGroup\n",
            "template_url": null,
            "timeout_in_minutes": null,
            "timeouts": null
          },
          "sensitive_attributes": [],
          "private": "eyJlMmJmYjczMC1lY2FhLTExZTYtOGY4OC0zNDM2M2JjN2M0YzAiOnsiY3JlYXRlIjoxODAwMDAwMDAwMDAwLCJkZWxldGUiOjE4MDAwMDAwMDAwMDAsInVwZGF0ZSI6MTgwMDAwMDAwMDAwMH19",
          "dependencies": [
            "module.vpcs.module.eks_targets.module.cluster.aws_security_group.cluster",
            "module.vpcs.module.eks_targets.module.cluster.aws_security_group.nodes",
            "module.vpcs.module.eks_targets.module.stack.data.template_file.amazon-eks-nodegroup_yaml",
            "module.vpcs.module.networking.aws_route_table.private",
            "module.vpcs.module.networking.module.private.aws_route_table_association.private",
            "module.vpcs.module.networking.module.private.aws_subnet.private",
            "module.vpcs.module.vpc.aws_vpc.vpc"
          ]
        }
      ]
    },
    {
      "module": "module.vpcs[\"vpc0\"].module.networking",
      "mode": "managed",
      "type": "aws_eip",
      "name": "nat",
      "provider": "provider[\"registry.terraform.io/hashicorp/aws\"]",
      "instances": [
        {
          "index_key": 0,
          "schema_version": 0,
          "attributes": {
            "address": null,
            "allocation_id": null,
            "associate_with_private_ip": null,
            "association_id": "eipassoc-0fda4c4354d5d3121",
            "carrier_ip": "",
            "customer_owned_ip": "",
            "customer_owned_ipv4_pool": "",
            "domain": "vpc",
            "id": "eipalloc-0fb7d692312038300",
            "instance": "",
            "network_border_group": "us-west-2",
            "network_interface": "eni-030f31166fa0550da",
            "private_dns": "ip-10-1-0-76.us-west-2.compute.internal",
            "private_ip": "10.1.0.76",
            "public_dns": "ec2-52-12-148-198.us-west-2.compute.amazonaws.com",
            "public_ip": "52.12.148.198",
            "public_ipv4_pool": "amazon",
            "tags": {},
            "tags_all": {
              "Config": "default",
              "Dept": "services",
              "Environment": "prod",
              "GeneratedBy": "terraform",
              "Org": "withme",
              "Role": "automation"
            },
            "timeouts": null,
            "vpc": true
          },
          "sensitive_attributes": [],
          "private": "eyJlMmJmYjczMC1lY2FhLTExZTYtOGY4OC0zNDM2M2JjN2M0YzAiOnsiZGVsZXRlIjoxODAwMDAwMDAwMDAsInJlYWQiOjkwMDAwMDAwMDAwMCwidXBkYXRlIjozMDAwMDAwMDAwMDB9fQ==",
          "create_before_destroy": true
        },
        {
          "index_key": 1,
          "schema_version": 0,
          "attributes": {
            "address": null,
            "allocation_id": null,
            "associate_with_private_ip": null,
            "association_id": "eipassoc-0a242d1893b4016f3",
            "carrier_ip": "",
            "customer_owned_ip": "",
            "customer_owned_ipv4_pool": "",
            "domain": "vpc",
            "id": "eipalloc-0e9bf54e8da055bae",
            "instance": "",
            "network_border_group": "us-west-2",
            "network_interface": "eni-075b4b19bb5c252f3",
            "private_dns": "ip-10-1-0-86.us-west-2.compute.internal",
            "private_ip": "10.1.0.86",
            "public_dns": "ec2-52-40-7-26.us-west-2.compute.amazonaws.com",
            "public_ip": "52.40.7.26",
            "public_ipv4_pool": "amazon",
            "tags": {},
            "tags_all": {
              "Config": "default",
              "Dept": "services",
              "Environment": "prod",
              "GeneratedBy": "terraform",
              "Org": "withme",
              "Role": "automation"
            },
            "timeouts": null,
            "vpc": true
          },
          "sensitive_attributes": [],
          "private": "eyJlMmJmYjczMC1lY2FhLTExZTYtOGY4OC0zNDM2M2JjN2M0YzAiOnsiZGVsZXRlIjoxODAwMDAwMDAwMDAsInJlYWQiOjkwMDAwMDAwMDAwMCwidXBkYXRlIjozMDAwMDAwMDAwMDB9fQ==",
          "create_before_destroy": true
        },
        {
          "index_key": 2,
          "schema_version": 0,
          "attributes": {
            "address": null,
            "allocation_id": null,
            "associate_with_private_ip": null,
            "association_id": "eipassoc-0d18caa89b89c1b65",
            "carrier_ip": "",
            "customer_owned_ip": "",
            "customer_owned_ipv4_pool": "",
            "domain": "vpc",
            "id": "eipalloc-0e886bf05f6c21867",
            "instance": "",
            "network_border_group": "us-west-2",
            "network_interface": "eni-002cc34be6f966bbc",
            "private_dns": "ip-10-1-0-109.us-west-2.compute.internal",
            "private_ip": "10.1.0.109",
            "public_dns": "ec2-35-155-81-88.us-west-2.compute.amazonaws.com",
            "public_ip": "35.155.81.88",
            "public_ipv4_pool": "amazon",
            "tags": {},
            "tags_all": {
              "Config": "default",
              "Dept": "services",
              "Environment": "prod",
              "GeneratedBy": "terraform",
              "Org": "withme",
              "Role": "automation"
            },
            "timeouts": null,
            "vpc": true
          },
          "sensitive_attributes": [],
          "private": "eyJlMmJmYjczMC1lY2FhLTExZTYtOGY4OC0zNDM2M2JjN2M0YzAiOnsiZGVsZXRlIjoxODAwMDAwMDAwMDAsInJlYWQiOjkwMDAwMDAwMDAwMCwidXBkYXRlIjozMDAwMDAwMDAwMDB9fQ==",
          "create_before_destroy": true
        },
        {
          "index_key": 3,
          "schema_version": 0,
          "attributes": {
            "address": null,
            "allocation_id": null,
            "associate_with_private_ip": null,
            "association_id": "eipassoc-04fd7d939f3d94086",
            "carrier_ip": "",
            "customer_owned_ip": "",
            "customer_owned_ipv4_pool": "",
            "domain": "vpc",
            "id": "eipalloc-017e98cb128a97cd9",
            "instance": "",
            "network_border_group": "us-west-2",
            "network_interface": "eni-074ccd6a7179b43c7",
            "private_dns": "ip-10-1-0-119.us-west-2.compute.internal",
            "private_ip": "10.1.0.119",
            "public_dns": "ec2-44-242-10-62.us-west-2.compute.amazonaws.com",
            "public_ip": "44.242.10.62",
            "public_ipv4_pool": "amazon",
            "tags": {},
            "tags_all": {
              "Config": "default",
              "Dept": "services",
              "Environment": "prod",
              "GeneratedBy": "terraform",
              "Org": "withme",
              "Role": "automation"
            },
            "timeouts": null,
            "vpc": true
          },
          "sensitive_attributes": [],
          "private": "eyJlMmJmYjczMC1lY2FhLTExZTYtOGY4OC0zNDM2M2JjN2M0YzAiOnsiZGVsZXRlIjoxODAwMDAwMDAwMDAsInJlYWQiOjkwMDAwMDAwMDAwMCwidXBkYXRlIjozMDAwMDAwMDAwMDB9fQ==",
          "create_before_destroy": true
        }
      ]
    },
    {
      "module": "module.vpcs[\"vpc0\"].module.networking",
      "mode": "managed",
      "type": "aws_internet_gateway",
      "name": "public",
      "provider": "provider[\"registry.terraform.io/hashicorp/aws\"]",
      "instances": [
        {
          "schema_version": 0,
          "attributes": {
            "arn": "arn:aws:ec2:us-west-2:923799771136:internet-gateway/igw-026b38c97c5ef1e90",
            "id": "igw-026b38c97c5ef1e90",
            "owner_id": "923799771136",
            "tags": {
              "Name": "withme-services-prod-us-west-2-automation-default.igw"
            },
            "tags_all": {
              "Config": "default",
              "Dept": "services",
              "Environment": "prod",
              "GeneratedBy": "terraform",
              "Name": "withme-services-prod-us-west-2-automation-default.igw",
              "Org": "withme",
              "Role": "automation"
            },
            "vpc_id": "vpc-08a9480ab9a90db12"
          },
          "sensitive_attributes": [],
          "private": "bnVsbA==",
          "dependencies": [
            "module.vpcs.module.vpc.aws_vpc.vpc"
          ]
        }
      ]
    },
    {
      "module": "module.vpcs[\"vpc0\"].module.networking",
      "mode": "managed",
      "type": "aws_nat_gateway",
      "name": "inet_access",
      "provider": "provider[\"registry.terraform.io/hashicorp/aws\"]",
      "instances": [
        {
          "index_key": 0,
          "schema_version": 0,
          "attributes": {
            "allocation_id": "eipalloc-0fb7d692312038300",
            "id": "nat-0b5ffa3a25dbda5bf",
            "network_interface_id": "eni-030f31166fa0550da",
            "private_ip": "10.1.0.76",
            "public_ip": "52.12.148.198",
            "subnet_id": "subnet-03482d8b0983921da",
            "tags": {},
            "tags_all": {
              "Config": "default",
              "Dept": "services",
              "Environment": "prod",
              "GeneratedBy": "terraform",
              "Org": "withme",
              "Role": "automation"
            }
          },
          "sensitive_attributes": [],
          "private": "bnVsbA==",
          "dependencies": [
            "module.vpcs.module.networking.aws_eip.nat",
            "module.vpcs.module.networking.module.public.aws_subnet.public",
            "module.vpcs.module.vpc.aws_vpc.vpc"
          ],
          "create_before_destroy": true
        },
        {
          "index_key": 1,
          "schema_version": 0,
          "attributes": {
            "allocation_id": "eipalloc-0e9bf54e8da055bae",
            "id": "nat-00778a5b00e59e085",
            "network_interface_id": "eni-075b4b19bb5c252f3",
            "private_ip": "10.1.0.86",
            "public_ip": "52.40.7.26",
            "subnet_id": "subnet-0b957fb39da3c2c65",
            "tags": {},
            "tags_all": {
              "Config": "default",
              "Dept": "services",
              "Environment": "prod",
              "GeneratedBy": "terraform",
              "Org": "withme",
              "Role": "automation"
            }
          },
          "sensitive_attributes": [],
          "private": "bnVsbA==",
          "dependencies": [
            "module.vpcs.module.networking.aws_eip.nat",
            "module.vpcs.module.networking.module.public.aws_subnet.public",
            "module.vpcs.module.vpc.aws_vpc.vpc"
          ],
          "create_before_destroy": true
        },
        {
          "index_key": 2,
          "schema_version": 0,
          "attributes": {
            "allocation_id": "eipalloc-0e886bf05f6c21867",
            "id": "nat-0a19700658d3e9429",
            "network_interface_id": "eni-002cc34be6f966bbc",
            "private_ip": "10.1.0.109",
            "public_ip": "35.155.81.88",
            "subnet_id": "subnet-06cc7ed5107c4aa12",
            "tags": {},
            "tags_all": {
              "Config": "default",
              "Dept": "services",
              "Environment": "prod",
              "GeneratedBy": "terraform",
              "Org": "withme",
              "Role": "automation"
            }
          },
          "sensitive_attributes": [],
          "private": "bnVsbA==",
          "dependencies": [
            "module.vpcs.module.vpc.aws_vpc.vpc",
            "module.vpcs.module.networking.aws_eip.nat",
            "module.vpcs.module.networking.module.public.aws_subnet.public"
          ],
          "create_before_destroy": true
        },
        {
          "index_key": 3,
          "schema_version": 0,
          "attributes": {
            "allocation_id": "eipalloc-017e98cb128a97cd9",
            "id": "nat-0597ea2359cb40738",
            "network_interface_id": "eni-074ccd6a7179b43c7",
            "private_ip": "10.1.0.119",
            "public_ip": "44.242.10.62",
            "subnet_id": "subnet-083bcf5c7bdd3ee3b",
            "tags": {},
            "tags_all": {
              "Config": "default",
              "Dept": "services",
              "Environment": "prod",
              "GeneratedBy": "terraform",
              "Org": "withme",
              "Role": "automation"
            }
          },
          "sensitive_attributes": [],
          "private": "bnVsbA==",
          "dependencies": [
            "module.vpcs.module.networking.aws_eip.nat",
            "module.vpcs.module.networking.module.public.aws_subnet.public",
            "module.vpcs.module.vpc.aws_vpc.vpc"
          ],
          "create_before_destroy": true
        }
      ]
    },
    {
      "module": "module.vpcs[\"vpc0\"].module.networking",
      "mode": "managed",
      "type": "aws_network_acl",
      "name": "allow_all",
      "provider": "provider[\"registry.terraform.io/hashicorp/aws\"]",
      "instances": [
        {
          "schema_version": 0,
          "attributes": {
            "arn": "arn:aws:ec2:us-west-2:923799771136:network-acl/acl-097ebc2435f739675",
            "egress": [
              {
                "action": "allow",
                "cidr_block": "0.0.0.0/0",
                "from_port": 0,
                "icmp_code": 0,
                "icmp_type": 0,
                "ipv6_cidr_block": "",
                "protocol": "-1",
                "rule_no": 100,
                "to_port": 0
              }
            ],
            "id": "acl-097ebc2435f739675",
            "ingress": [
              {
                "action": "allow",
                "cidr_block": "0.0.0.0/0",
                "from_port": 0,
                "icmp_code": 0,
                "icmp_type": 0,
                "ipv6_cidr_block": "",
                "protocol": "-1",
                "rule_no": 100,
                "to_port": 0
              }
            ],
            "owner_id": "923799771136",
            "subnet_ids": [
              "subnet-00fd3fce1ae8be4f8",
              "subnet-033202facea3f869e",
              "subnet-03482d8b0983921da",
              "subnet-03be1455be32dc08c",
              "subnet-06cc7ed5107c4aa12",
              "subnet-078c9a276ceec5842",
              "subnet-083bcf5c7bdd3ee3b",
              "subnet-08f48e26b0fe2e910",
              "subnet-0a780172f7b511eec",
              "subnet-0b957fb39da3c2c65",
              "subnet-0c29a65ec572f5b00",
              "subnet-0cc4c5508f84ede4b",
              "subnet-0d1d9139d656137c8",
              "subnet-0d3fa250230936db5",
              "subnet-0d78209a874f26fec",
              "subnet-0dc02c49f183da9d5"
            ],
            "tags": {},
            "tags_all": {
              "Config": "default",
              "Dept": "services",
              "Environment": "prod",
              "GeneratedBy": "terraform",
              "Org": "withme",
              "Role": "automation"
            },
            "vpc_id": "vpc-08a9480ab9a90db12"
          },
          "sensitive_attributes": [],
          "private": "bnVsbA==",
          "dependencies": [
            "module.vpcs.module.networking.aws_route_table.private",
            "module.vpcs.module.networking.aws_route_table.public",
            "module.vpcs.module.networking.module.private.aws_route_table_association.private",
            "module.vpcs.module.networking.module.private.aws_subnet.private",
            "module.vpcs.module.networking.module.public.aws_route_table_association.public",
            "module.vpcs.module.networking.module.public.aws_subnet.public",
            "module.vpcs.module.vpc.aws_vpc.vpc"
          ]
        }
      ]
    },
    {
      "module": "module.vpcs[\"vpc0\"].module.networking",
      "mode": "managed",
      "type": "aws_route",
      "name": "private_def_nat_gw",
      "provider": "provider[\"registry.terraform.io/hashicorp/aws\"]",
      "instances": [
        {
          "index_key": 0,
          "schema_version": 0,
          "attributes": {
            "carrier_gateway_id": "",
            "destination_cidr_block": "0.0.0.0/0",
            "destination_ipv6_cidr_block": "",
            "destination_prefix_list_id": "",
            "egress_only_gateway_id": "",
            "gateway_id": "",
            "id": "r-rtb-098405772830c18841080289494",
            "instance_id": "",
            "instance_owner_id": "",
            "local_gateway_id": "",
            "nat_gateway_id": "nat-0b5ffa3a25dbda5bf",
            "network_interface_id": "",
            "origin": "CreateRoute",
            "route_table_id": "rtb-098405772830c1884",
            "state": "active",
            "timeouts": null,
            "transit_gateway_id": "",
            "vpc_endpoint_id": "",
            "vpc_peering_connection_id": ""
          },
          "sensitive_attributes": [],
          "private": "eyJlMmJmYjczMC1lY2FhLTExZTYtOGY4OC0zNDM2M2JjN2M0YzAiOnsiY3JlYXRlIjoxMjAwMDAwMDAwMDAsImRlbGV0ZSI6MzAwMDAwMDAwMDAwfX0=",
          "dependencies": [
            "module.vpcs.module.networking.aws_eip.nat",
            "module.vpcs.module.networking.aws_nat_gateway.inet_access",
            "module.vpcs.module.networking.aws_route_table.private",
            "module.vpcs.module.networking.module.public.aws_subnet.public",
            "module.vpcs.module.vpc.aws_vpc.vpc"
          ]
        },
        {
          "index_key": 1,
          "schema_version": 0,
          "attributes": {
            "carrier_gateway_id": "",
            "destination_cidr_block": "0.0.0.0/0",
            "destination_ipv6_cidr_block": "",
            "destination_prefix_list_id": "",
            "egress_only_gateway_id": "",
            "gateway_id": "",
            "id": "r-rtb-0fd20bfee6f939f751080289494",
            "instance_id": "",
            "instance_owner_id": "",
            "local_gateway_id": "",
            "nat_gateway_id": "nat-00778a5b00e59e085",
            "network_interface_id": "",
            "origin": "CreateRoute",
            "route_table_id": "rtb-0fd20bfee6f939f75",
            "state": "active",
            "timeouts": null,
            "transit_gateway_id": "",
            "vpc_endpoint_id": "",
            "vpc_peering_connection_id": ""
          },
          "sensitive_attributes": [],
          "private": "eyJlMmJmYjczMC1lY2FhLTExZTYtOGY4OC0zNDM2M2JjN2M0YzAiOnsiY3JlYXRlIjoxMjAwMDAwMDAwMDAsImRlbGV0ZSI6MzAwMDAwMDAwMDAwfX0=",
          "dependencies": [
            "module.vpcs.module.networking.aws_eip.nat",
            "module.vpcs.module.networking.aws_nat_gateway.inet_access",
            "module.vpcs.module.networking.aws_route_table.private",
            "module.vpcs.module.networking.module.public.aws_subnet.public",
            "module.vpcs.module.vpc.aws_vpc.vpc"
          ]
        },
        {
          "index_key": 2,
          "schema_version": 0,
          "attributes": {
            "carrier_gateway_id": "",
            "destination_cidr_block": "0.0.0.0/0",
            "destination_ipv6_cidr_block": "",
            "destination_prefix_list_id": "",
            "egress_only_gateway_id": "",
            "gateway_id": "",
            "id": "r-rtb-0fe0a3ea7ac0cfc421080289494",
            "instance_id": "",
            "instance_owner_id": "",
            "local_gateway_id": "",
            "nat_gateway_id": "nat-0a19700658d3e9429",
            "network_interface_id": "",
            "origin": "CreateRoute",
            "route_table_id": "rtb-0fe0a3ea7ac0cfc42",
            "state": "active",
            "timeouts": null,
            "transit_gateway_id": "",
            "vpc_endpoint_id": "",
            "vpc_peering_connection_id": ""
          },
          "sensitive_attributes": [],
          "private": "eyJlMmJmYjczMC1lY2FhLTExZTYtOGY4OC0zNDM2M2JjN2M0YzAiOnsiY3JlYXRlIjoxMjAwMDAwMDAwMDAsImRlbGV0ZSI6MzAwMDAwMDAwMDAwfX0=",
          "dependencies": [
            "module.vpcs.module.networking.aws_eip.nat",
            "module.vpcs.module.networking.aws_nat_gateway.inet_access",
            "module.vpcs.module.networking.aws_route_table.private",
            "module.vpcs.module.networking.module.public.aws_subnet.public",
            "module.vpcs.module.vpc.aws_vpc.vpc"
          ]
        },
        {
          "index_key": 3,
          "schema_version": 0,
          "attributes": {
            "carrier_gateway_id": "",
            "destination_cidr_block": "0.0.0.0/0",
            "destination_ipv6_cidr_block": "",
            "destination_prefix_list_id": "",
            "egress_only_gateway_id": "",
            "gateway_id": "",
            "id": "r-rtb-0f3e72ed1cc39bc0d1080289494",
            "instance_id": "",
            "instance_owner_id": "",
            "local_gateway_id": "",
            "nat_gateway_id": "nat-0597ea2359cb40738",
            "network_interface_id": "",
            "origin": "CreateRoute",
            "route_table_id": "rtb-0f3e72ed1cc39bc0d",
            "state": "active",
            "timeouts": null,
            "transit_gateway_id": "",
            "vpc_endpoint_id": "",
            "vpc_peering_connection_id": ""
          },
          "sensitive_attributes": [],
          "private": "eyJlMmJmYjczMC1lY2FhLTExZTYtOGY4OC0zNDM2M2JjN2M0YzAiOnsiY3JlYXRlIjoxMjAwMDAwMDAwMDAsImRlbGV0ZSI6MzAwMDAwMDAwMDAwfX0=",
          "dependencies": [
            "module.vpcs.module.networking.aws_eip.nat",
            "module.vpcs.module.networking.aws_nat_gateway.inet_access",
            "module.vpcs.module.networking.aws_route_table.private",
            "module.vpcs.module.networking.module.public.aws_subnet.public",
            "module.vpcs.module.vpc.aws_vpc.vpc"
          ]
        }
      ]
    },
    {
      "module": "module.vpcs[\"vpc0\"].module.networking",
      "mode": "managed",
      "type": "aws_route",
      "name": "public_def_gw",
      "provider": "provider[\"registry.terraform.io/hashicorp/aws\"]",
      "instances": [
        {
          "index_key": 0,
          "schema_version": 0,
          "attributes": {
            "carrier_gateway_id": "",
            "destination_cidr_block": "0.0.0.0/0",
            "destination_ipv6_cidr_block": "",
            "destination_prefix_list_id": "",
            "egress_only_gateway_id": "",
            "gateway_id": "igw-026b38c97c5ef1e90",
            "id": "r-rtb-001380c22edf8dec31080289494",
            "instance_id": "",
            "instance_owner_id": "",
            "local_gateway_id": "",
            "nat_gateway_id": "",
            "network_interface_id": "",
            "origin": "CreateRoute",
            "route_table_id": "rtb-001380c22edf8dec3",
            "state": "active",
            "timeouts": null,
            "transit_gateway_id": "",
            "vpc_endpoint_id": "",
            "vpc_peering_connection_id": ""
          },
          "sensitive_attributes": [],
          "private": "eyJlMmJmYjczMC1lY2FhLTExZTYtOGY4OC0zNDM2M2JjN2M0YzAiOnsiY3JlYXRlIjoxMjAwMDAwMDAwMDAsImRlbGV0ZSI6MzAwMDAwMDAwMDAwfX0=",
          "dependencies": [
            "module.vpcs.module.networking.aws_internet_gateway.public",
            "module.vpcs.module.networking.aws_route_table.public",
            "module.vpcs.module.vpc.aws_vpc.vpc"
          ]
        },
        {
          "index_key": 1,
          "schema_version": 0,
          "attributes": {
            "carrier_gateway_id": "",
            "destination_cidr_block": "0.0.0.0/0",
            "destination_ipv6_cidr_block": "",
            "destination_prefix_list_id": "",
            "egress_only_gateway_id": "",
            "gateway_id": "igw-026b38c97c5ef1e90",
            "id": "r-rtb-07b1f2cd21129e75a1080289494",
            "instance_id": "",
            "instance_owner_id": "",
            "local_gateway_id": "",
            "nat_gateway_id": "",
            "network_interface_id": "",
            "origin": "CreateRoute",
            "route_table_id": "rtb-07b1f2cd21129e75a",
            "state": "active",
            "timeouts": null,
            "transit_gateway_id": "",
            "vpc_endpoint_id": "",
            "vpc_peering_connection_id": ""
          },
          "sensitive_attributes": [],
          "private": "eyJlMmJmYjczMC1lY2FhLTExZTYtOGY4OC0zNDM2M2JjN2M0YzAiOnsiY3JlYXRlIjoxMjAwMDAwMDAwMDAsImRlbGV0ZSI6MzAwMDAwMDAwMDAwfX0=",
          "dependencies": [
            "module.vpcs.module.networking.aws_route_table.public",
            "module.vpcs.module.vpc.aws_vpc.vpc",
            "module.vpcs.module.networking.aws_internet_gateway.public"
          ]
        },
        {
          "index_key": 2,
          "schema_version": 0,
          "attributes": {
            "carrier_gateway_id": "",
            "destination_cidr_block": "0.0.0.0/0",
            "destination_ipv6_cidr_block": "",
            "destination_prefix_list_id": "",
            "egress_only_gateway_id": "",
            "gateway_id": "igw-026b38c97c5ef1e90",
            "id": "r-rtb-021be82f6a684c1621080289494",
            "instance_id": "",
            "instance_owner_id": "",
            "local_gateway_id": "",
            "nat_gateway_id": "",
            "network_interface_id": "",
            "origin": "CreateRoute",
            "route_table_id": "rtb-021be82f6a684c162",
            "state": "active",
            "timeouts": null,
            "transit_gateway_id": "",
            "vpc_endpoint_id": "",
            "vpc_peering_connection_id": ""
          },
          "sensitive_attributes": [],
          "private": "eyJlMmJmYjczMC1lY2FhLTExZTYtOGY4OC0zNDM2M2JjN2M0YzAiOnsiY3JlYXRlIjoxMjAwMDAwMDAwMDAsImRlbGV0ZSI6MzAwMDAwMDAwMDAwfX0=",
          "dependencies": [
            "module.vpcs.module.networking.aws_internet_gateway.public",
            "module.vpcs.module.networking.aws_route_table.public",
            "module.vpcs.module.vpc.aws_vpc.vpc"
          ]
        },
        {
          "index_key": 3,
          "schema_version": 0,
          "attributes": {
            "carrier_gateway_id": "",
            "destination_cidr_block": "0.0.0.0/0",
            "destination_ipv6_cidr_block": "",
            "destination_prefix_list_id": "",
            "egress_only_gateway_id": "",
            "gateway_id": "igw-026b38c97c5ef1e90",
            "id": "r-rtb-0e5cfb154b3cdbc231080289494",
            "instance_id": "",
            "instance_owner_id": "",
            "local_gateway_id": "",
            "nat_gateway_id": "",
            "network_interface_id": "",
            "origin": "CreateRoute",
            "route_table_id": "rtb-0e5cfb154b3cdbc23",
            "state": "active",
            "timeouts": null,
            "transit_gateway_id": "",
            "vpc_endpoint_id": "",
            "vpc_peering_connection_id": ""
          },
          "sensitive_attributes": [],
          "private": "eyJlMmJmYjczMC1lY2FhLTExZTYtOGY4OC0zNDM2M2JjN2M0YzAiOnsiY3JlYXRlIjoxMjAwMDAwMDAwMDAsImRlbGV0ZSI6MzAwMDAwMDAwMDAwfX0=",
          "dependencies": [
            "module.vpcs.module.networking.aws_internet_gateway.public",
            "module.vpcs.module.networking.aws_route_table.public",
            "module.vpcs.module.vpc.aws_vpc.vpc"
          ]
        }
      ]
    },
    {
      "module": "module.vpcs[\"vpc0\"].module.networking",
      "mode": "managed",
      "type": "aws_route_table",
      "name": "private",
      "provider": "provider[\"registry.terraform.io/hashicorp/aws\"]",
      "instances": [
        {
          "index_key": 0,
          "schema_version": 0,
          "attributes": {
            "arn": "arn:aws:ec2:us-west-2:923799771136:route-table/rtb-098405772830c1884",
            "id": "rtb-098405772830c1884",
            "owner_id": "923799771136",
            "propagating_vgws": [],
            "route": [
              {
                "carrier_gateway_id": "",
                "cidr_block": "0.0.0.0/0",
                "destination_prefix_list_id": "",
                "egress_only_gateway_id": "",
                "gateway_id": "",
                "instance_id": "",
                "ipv6_cidr_block": "",
                "local_gateway_id": "",
                "nat_gateway_id": "nat-0b5ffa3a25dbda5bf",
                "network_interface_id": "",
                "transit_gateway_id": "",
                "vpc_endpoint_id": "",
                "vpc_peering_connection_id": ""
              }
            ],
            "tags": {
              "Az": "us-west-2a",
              "Name": "withme-services-prod-us-west-2-automation-default-us-west-2a.rtbl",
              "Tier": "private"
            },
            "tags_all": {
              "Az": "us-west-2a",
              "Config": "default",
              "Dept": "services",
              "Environment": "prod",
              "GeneratedBy": "terraform",
              "Name": "withme-services-prod-us-west-2-automation-default-us-west-2a.rtbl",
              "Org": "withme",
              "Role": "automation",
              "Tier": "private"
            },
            "vpc_id": "vpc-08a9480ab9a90db12"
          },
          "sensitive_attributes": [],
          "private": "bnVsbA==",
          "dependencies": [
            "module.vpcs.module.vpc.aws_vpc.vpc"
          ],
          "create_before_destroy": true
        },
        {
          "index_key": 1,
          "schema_version": 0,
          "attributes": {
            "arn": "arn:aws:ec2:us-west-2:923799771136:route-table/rtb-0fd20bfee6f939f75",
            "id": "rtb-0fd20bfee6f939f75",
            "owner_id": "923799771136",
            "propagating_vgws": [],
            "route": [
              {
                "carrier_gateway_id": "",
                "cidr_block": "0.0.0.0/0",
                "destination_prefix_list_id": "",
                "egress_only_gateway_id": "",
                "gateway_id": "",
                "instance_id": "",
                "ipv6_cidr_block": "",
                "local_gateway_id": "",
                "nat_gateway_id": "nat-00778a5b00e59e085",
                "network_interface_id": "",
                "transit_gateway_id": "",
                "vpc_endpoint_id": "",
                "vpc_peering_connection_id": ""
              }
            ],
            "tags": {
              "Az": "us-west-2b",
              "Name": "withme-services-prod-us-west-2-automation-default-us-west-2b.rtbl",
              "Tier": "private"
            },
            "tags_all": {
              "Az": "us-west-2b",
              "Config": "default",
              "Dept": "services",
              "Environment": "prod",
              "GeneratedBy": "terraform",
              "Name": "withme-services-prod-us-west-2-automation-default-us-west-2b.rtbl",
              "Org": "withme",
              "Role": "automation",
              "Tier": "private"
            },
            "vpc_id": "vpc-08a9480ab9a90db12"
          },
          "sensitive_attributes": [],
          "private": "bnVsbA==",
          "dependencies": [
            "module.vpcs.module.vpc.aws_vpc.vpc"
          ],
          "create_before_destroy": true
        },
        {
          "index_key": 2,
          "schema_version": 0,
          "attributes": {
            "arn": "arn:aws:ec2:us-west-2:923799771136:route-table/rtb-0fe0a3ea7ac0cfc42",
            "id": "rtb-0fe0a3ea7ac0cfc42",
            "owner_id": "923799771136",
            "propagating_vgws": [],
            "route": [
              {
                "carrier_gateway_id": "",
                "cidr_block": "0.0.0.0/0",
                "destination_prefix_list_id": "",
                "egress_only_gateway_id": "",
                "gateway_id": "",
                "instance_id": "",
                "ipv6_cidr_block": "",
                "local_gateway_id": "",
                "nat_gateway_id": "nat-0a19700658d3e9429",
                "network_interface_id": "",
                "transit_gateway_id": "",
                "vpc_endpoint_id": "",
                "vpc_peering_connection_id": ""
              }
            ],
            "tags": {
              "Az": "us-west-2c",
              "Name": "withme-services-prod-us-west-2-automation-default-us-west-2c.rtbl",
              "Tier": "private"
            },
            "tags_all": {
              "Az": "us-west-2c",
              "Config": "default",
              "Dept": "services",
              "Environment": "prod",
              "GeneratedBy": "terraform",
              "Name": "withme-services-prod-us-west-2-automation-default-us-west-2c.rtbl",
              "Org": "withme",
              "Role": "automation",
              "Tier": "private"
            },
            "vpc_id": "vpc-08a9480ab9a90db12"
          },
          "sensitive_attributes": [],
          "private": "bnVsbA==",
          "dependencies": [
            "module.vpcs.module.vpc.aws_vpc.vpc"
          ],
          "create_before_destroy": true
        },
        {
          "index_key": 3,
          "schema_version": 0,
          "attributes": {
            "arn": "arn:aws:ec2:us-west-2:923799771136:route-table/rtb-0f3e72ed1cc39bc0d",
            "id": "rtb-0f3e72ed1cc39bc0d",
            "owner_id": "923799771136",
            "propagating_vgws": [],
            "route": [
              {
                "carrier_gateway_id": "",
                "cidr_block": "0.0.0.0/0",
                "destination_prefix_list_id": "",
                "egress_only_gateway_id": "",
                "gateway_id": "",
                "instance_id": "",
                "ipv6_cidr_block": "",
                "local_gateway_id": "",
                "nat_gateway_id": "nat-0597ea2359cb40738",
                "network_interface_id": "",
                "transit_gateway_id": "",
                "vpc_endpoint_id": "",
                "vpc_peering_connection_id": ""
              }
            ],
            "tags": {
              "Az": "us-west-2d",
              "Name": "withme-services-prod-us-west-2-automation-default-us-west-2d.rtbl",
              "Tier": "private"
            },
            "tags_all": {
              "Az": "us-west-2d",
              "Config": "default",
              "Dept": "services",
              "Environment": "prod",
              "GeneratedBy": "terraform",
              "Name": "withme-services-prod-us-west-2-automation-default-us-west-2d.rtbl",
              "Org": "withme",
              "Role": "automation",
              "Tier": "private"
            },
            "vpc_id": "vpc-08a9480ab9a90db12"
          },
          "sensitive_attributes": [],
          "private": "bnVsbA==",
          "dependencies": [
            "module.vpcs.module.vpc.aws_vpc.vpc"
          ],
          "create_before_destroy": true
        }
      ]
    },
    {
      "module": "module.vpcs[\"vpc0\"].module.networking",
      "mode": "managed",
      "type": "aws_route_table",
      "name": "public",
      "provider": "provider[\"registry.terraform.io/hashicorp/aws\"]",
      "instances": [
        {
          "index_key": 0,
          "schema_version": 0,
          "attributes": {
            "arn": "arn:aws:ec2:us-west-2:923799771136:route-table/rtb-001380c22edf8dec3",
            "id": "rtb-001380c22edf8dec3",
            "owner_id": "923799771136",
            "propagating_vgws": [],
            "route": [
              {
                "carrier_gateway_id": "",
                "cidr_block": "0.0.0.0/0",
                "destination_prefix_list_id": "",
                "egress_only_gateway_id": "",
                "gateway_id": "igw-026b38c97c5ef1e90",
                "instance_id": "",
                "ipv6_cidr_block": "",
                "local_gateway_id": "",
                "nat_gateway_id": "",
                "network_interface_id": "",
                "transit_gateway_id": "",
                "vpc_endpoint_id": "",
                "vpc_peering_connection_id": ""
              }
            ],
            "tags": {
              "Az": "us-west-2a",
              "Name": "withme-services-prod-us-west-2-automation-default-us-west-2a.rtbl",
              "Tier": "public"
            },
            "tags_all": {
              "Az": "us-west-2a",
              "Config": "default",
              "Dept": "services",
              "Environment": "prod",
              "GeneratedBy": "terraform",
              "Name": "withme-services-prod-us-west-2-automation-default-us-west-2a.rtbl",
              "Org": "withme",
              "Role": "automation",
              "Tier": "public"
            },
            "vpc_id": "vpc-08a9480ab9a90db12"
          },
          "sensitive_attributes": [],
          "private": "bnVsbA==",
          "dependencies": [
            "module.vpcs.module.vpc.aws_vpc.vpc"
          ],
          "create_before_destroy": true
        },
        {
          "index_key": 1,
          "schema_version": 0,
          "attributes": {
            "arn": "arn:aws:ec2:us-west-2:923799771136:route-table/rtb-07b1f2cd21129e75a",
            "id": "rtb-07b1f2cd21129e75a",
            "owner_id": "923799771136",
            "propagating_vgws": [],
            "route": [
              {
                "carrier_gateway_id": "",
                "cidr_block": "0.0.0.0/0",
                "destination_prefix_list_id": "",
                "egress_only_gateway_id": "",
                "gateway_id": "igw-026b38c97c5ef1e90",
                "instance_id": "",
                "ipv6_cidr_block": "",
                "local_gateway_id": "",
                "nat_gateway_id": "",
                "network_interface_id": "",
                "transit_gateway_id": "",
                "vpc_endpoint_id": "",
                "vpc_peering_connection_id": ""
              }
            ],
            "tags": {
              "Az": "us-west-2b",
              "Name": "withme-services-prod-us-west-2-automation-default-us-west-2b.rtbl",
              "Tier": "public"
            },
            "tags_all": {
              "Az": "us-west-2b",
              "Config": "default",
              "Dept": "services",
              "Environment": "prod",
              "GeneratedBy": "terraform",
              "Name": "withme-services-prod-us-west-2-automation-default-us-west-2b.rtbl",
              "Org": "withme",
              "Role": "automation",
              "Tier": "public"
            },
            "vpc_id": "vpc-08a9480ab9a90db12"
          },
          "sensitive_attributes": [],
          "private": "bnVsbA==",
          "dependencies": [
            "module.vpcs.module.vpc.aws_vpc.vpc"
          ],
          "create_before_destroy": true
        },
        {
          "index_key": 2,
          "schema_version": 0,
          "attributes": {
            "arn": "arn:aws:ec2:us-west-2:923799771136:route-table/rtb-021be82f6a684c162",
            "id": "rtb-021be82f6a684c162",
            "owner_id": "923799771136",
            "propagating_vgws": [],
            "route": [
              {
                "carrier_gateway_id": "",
                "cidr_block": "0.0.0.0/0",
                "destination_prefix_list_id": "",
                "egress_only_gateway_id": "",
                "gateway_id": "igw-026b38c97c5ef1e90",
                "instance_id": "",
                "ipv6_cidr_block": "",
                "local_gateway_id": "",
                "nat_gateway_id": "",
                "network_interface_id": "",
                "transit_gateway_id": "",
                "vpc_endpoint_id": "",
                "vpc_peering_connection_id": ""
              }
            ],
            "tags": {
              "Az": "us-west-2c",
              "Name": "withme-services-prod-us-west-2-automation-default-us-west-2c.rtbl",
              "Tier": "public"
            },
            "tags_all": {
              "Az": "us-west-2c",
              "Config": "default",
              "Dept": "services",
              "Environment": "prod",
              "GeneratedBy": "terraform",
              "Name": "withme-services-prod-us-west-2-automation-default-us-west-2c.rtbl",
              "Org": "withme",
              "Role": "automation",
              "Tier": "public"
            },
            "vpc_id": "vpc-08a9480ab9a90db12"
          },
          "sensitive_attributes": [],
          "private": "bnVsbA==",
          "dependencies": [
            "module.vpcs.module.vpc.aws_vpc.vpc"
          ],
          "create_before_destroy": true
        },
        {
          "index_key": 3,
          "schema_version": 0,
          "attributes": {
            "arn": "arn:aws:ec2:us-west-2:923799771136:route-table/rtb-0e5cfb154b3cdbc23",
            "id": "rtb-0e5cfb154b3cdbc23",
            "owner_id": "923799771136",
            "propagating_vgws": [],
            "route": [
              {
                "carrier_gateway_id": "",
                "cidr_block": "0.0.0.0/0",
                "destination_prefix_list_id": "",
                "egress_only_gateway_id": "",
                "gateway_id": "igw-026b38c97c5ef1e90",
                "instance_id": "",
                "ipv6_cidr_block": "",
                "local_gateway_id": "",
                "nat_gateway_id": "",
                "network_interface_id": "",
                "transit_gateway_id": "",
                "vpc_endpoint_id": "",
                "vpc_peering_connection_id": ""
              }
            ],
            "tags": {
              "Az": "us-west-2d",
              "Name": "withme-services-prod-us-west-2-automation-default-us-west-2d.rtbl",
              "Tier": "public"
            },
            "tags_all": {
              "Az": "us-west-2d",
              "Config": "default",
              "Dept": "services",
              "Environment": "prod",
              "GeneratedBy": "terraform",
              "Name": "withme-services-prod-us-west-2-automation-default-us-west-2d.rtbl",
              "Org": "withme",
              "Role": "automation",
              "Tier": "public"
            },
            "vpc_id": "vpc-08a9480ab9a90db12"
          },
          "sensitive_attributes": [],
          "private": "bnVsbA==",
          "dependencies": [
            "module.vpcs.module.vpc.aws_vpc.vpc"
          ],
          "create_before_destroy": true
        }
      ]
    },
    {
      "module": "module.vpcs[\"vpc0\"].module.networking.module.private[\"eks_cp\"]",
      "mode": "managed",
      "type": "aws_route_table_association",
      "name": "private",
      "provider": "provider[\"registry.terraform.io/hashicorp/aws\"]",
      "instances": [
        {
          "index_key": 0,
          "schema_version": 0,
          "attributes": {
            "gateway_id": null,
            "id": "rtbassoc-0121c94e18a200f17",
            "route_table_id": "rtb-098405772830c1884",
            "subnet_id": "subnet-0d3fa250230936db5"
          },
          "sensitive_attributes": [],
          "private": "bnVsbA==",
          "dependencies": [
            "module.vpcs.module.networking.aws_route_table.private",
            "module.vpcs.module.networking.module.private.aws_subnet.private",
            "module.vpcs.module.vpc.aws_vpc.vpc"
          ],
          "create_before_destroy": true
        },
        {
          "index_key": 1,
          "schema_version": 0,
          "attributes": {
            "gateway_id": null,
            "id": "rtbassoc-05272f8f10d2129f4",
            "route_table_id": "rtb-0fd20bfee6f939f75",
            "subnet_id": "subnet-0d78209a874f26fec"
          },
          "sensitive_attributes": [],
          "private": "bnVsbA==",
          "dependencies": [
            "module.vpcs.module.networking.aws_route_table.private",
            "module.vpcs.module.networking.module.private.aws_subnet.private",
            "module.vpcs.module.vpc.aws_vpc.vpc"
          ],
          "create_before_destroy": true
        },
        {
          "index_key": 2,
          "schema_version": 0,
          "attributes": {
            "gateway_id": null,
            "id": "rtbassoc-01f9116b495ce8a25",
            "route_table_id": "rtb-0fe0a3ea7ac0cfc42",
            "subnet_id": "subnet-0cc4c5508f84ede4b"
          },
          "sensitive_attributes": [],
          "private": "bnVsbA==",
          "dependencies": [
            "module.vpcs.module.networking.aws_route_table.private",
            "module.vpcs.module.networking.module.private.aws_subnet.private",
            "module.vpcs.module.vpc.aws_vpc.vpc"
          ],
          "create_before_destroy": true
        },
        {
          "index_key": 3,
          "schema_version": 0,
          "attributes": {
            "gateway_id": null,
            "id": "rtbassoc-00e0e0af83c243e62",
            "route_table_id": "rtb-0f3e72ed1cc39bc0d",
            "subnet_id": "subnet-0d1d9139d656137c8"
          },
          "sensitive_attributes": [],
          "private": "bnVsbA==",
          "dependencies": [
            "module.vpcs.module.networking.aws_route_table.private",
            "module.vpcs.module.networking.module.private.aws_subnet.private",
            "module.vpcs.module.vpc.aws_vpc.vpc"
          ],
          "create_before_destroy": true
        }
      ]
    },
    {
      "module": "module.vpcs[\"vpc0\"].module.networking.module.private[\"eks_cp\"]",
      "mode": "managed",
      "type": "aws_subnet",
      "name": "private",
      "provider": "provider[\"registry.terraform.io/hashicorp/aws\"]",
      "instances": [
        {
          "index_key": 0,
          "schema_version": 1,
          "attributes": {
            "arn": "arn:aws:ec2:us-west-2:923799771136:subnet/subnet-0d3fa250230936db5",
            "assign_ipv6_address_on_creation": false,
            "availability_zone": "us-west-2a",
            "availability_zone_id": "usw2-az1",
            "cidr_block": "10.1.0.0/28",
            "customer_owned_ipv4_pool": "",
            "id": "subnet-0d3fa250230936db5",
            "ipv6_cidr_block": "",
            "ipv6_cidr_block_association_id": "",
            "map_customer_owned_ip_on_launch": false,
            "map_public_ip_on_launch": false,
            "outpost_arn": "",
            "owner_id": "923799771136",
            "tags": {
              "Name": "eks_cp0",
              "Tier": "private",
              "Use": "eks_cp"
            },
            "tags_all": {
              "Config": "default",
              "Dept": "services",
              "Environment": "prod",
              "GeneratedBy": "terraform",
              "Name": "eks_cp0",
              "Org": "withme",
              "Role": "automation",
              "Tier": "private",
              "Use": "eks_cp"
            },
            "timeouts": null,
            "vpc_id": "vpc-08a9480ab9a90db12"
          },
          "sensitive_attributes": [],
          "private": "eyJlMmJmYjczMC1lY2FhLTExZTYtOGY4OC0zNDM2M2JjN2M0YzAiOnsiY3JlYXRlIjo2MDAwMDAwMDAwMDAsImRlbGV0ZSI6MTIwMDAwMDAwMDAwMH0sInNjaGVtYV92ZXJzaW9uIjoiMSJ9",
          "dependencies": [
            "module.vpcs.module.vpc.aws_vpc.vpc"
          ],
          "create_before_destroy": true
        },
        {
          "index_key": 1,
          "schema_version": 1,
          "attributes": {
            "arn": "arn:aws:ec2:us-west-2:923799771136:subnet/subnet-0d78209a874f26fec",
            "assign_ipv6_address_on_creation": false,
            "availability_zone": "us-west-2b",
            "availability_zone_id": "usw2-az2",
            "cidr_block": "10.1.0.16/28",
            "customer_owned_ipv4_pool": "",
            "id": "subnet-0d78209a874f26fec",
            "ipv6_cidr_block": "",
            "ipv6_cidr_block_association_id": "",
            "map_customer_owned_ip_on_launch": false,
            "map_public_ip_on_launch": false,
            "outpost_arn": "",
            "owner_id": "923799771136",
            "tags": {
              "Name": "eks_cp1",
              "Tier": "private",
              "Use": "eks_cp"
            },
            "tags_all": {
              "Config": "default",
              "Dept": "services",
              "Environment": "prod",
              "GeneratedBy": "terraform",
              "Name": "eks_cp1",
              "Org": "withme",
              "Role": "automation",
              "Tier": "private",
              "Use": "eks_cp"
            },
            "timeouts": null,
            "vpc_id": "vpc-08a9480ab9a90db12"
          },
          "sensitive_attributes": [],
          "private": "eyJlMmJmYjczMC1lY2FhLTExZTYtOGY4OC0zNDM2M2JjN2M0YzAiOnsiY3JlYXRlIjo2MDAwMDAwMDAwMDAsImRlbGV0ZSI6MTIwMDAwMDAwMDAwMH0sInNjaGVtYV92ZXJzaW9uIjoiMSJ9",
          "dependencies": [
            "module.vpcs.module.vpc.aws_vpc.vpc"
          ],
          "create_before_destroy": true
        },
        {
          "index_key": 2,
          "schema_version": 1,
          "attributes": {
            "arn": "arn:aws:ec2:us-west-2:923799771136:subnet/subnet-0cc4c5508f84ede4b",
            "assign_ipv6_address_on_creation": false,
            "availability_zone": "us-west-2c",
            "availability_zone_id": "usw2-az3",
            "cidr_block": "10.1.0.32/28",
            "customer_owned_ipv4_pool": "",
            "id": "subnet-0cc4c5508f84ede4b",
            "ipv6_cidr_block": "",
            "ipv6_cidr_block_association_id": "",
            "map_customer_owned_ip_on_launch": false,
            "map_public_ip_on_launch": false,
            "outpost_arn": "",
            "owner_id": "923799771136",
            "tags": {
              "Name": "eks_cp2",
              "Tier": "private",
              "Use": "eks_cp"
            },
            "tags_all": {
              "Config": "default",
              "Dept": "services",
              "Environment": "prod",
              "GeneratedBy": "terraform",
              "Name": "eks_cp2",
              "Org": "withme",
              "Role": "automation",
              "Tier": "private",
              "Use": "eks_cp"
            },
            "timeouts": null,
            "vpc_id": "vpc-08a9480ab9a90db12"
          },
          "sensitive_attributes": [],
          "private": "eyJlMmJmYjczMC1lY2FhLTExZTYtOGY4OC0zNDM2M2JjN2M0YzAiOnsiY3JlYXRlIjo2MDAwMDAwMDAwMDAsImRlbGV0ZSI6MTIwMDAwMDAwMDAwMH0sInNjaGVtYV92ZXJzaW9uIjoiMSJ9",
          "dependencies": [
            "module.vpcs.module.vpc.aws_vpc.vpc"
          ],
          "create_before_destroy": true
        },
        {
          "index_key": 3,
          "schema_version": 1,
          "attributes": {
            "arn": "arn:aws:ec2:us-west-2:923799771136:subnet/subnet-0d1d9139d656137c8",
            "assign_ipv6_address_on_creation": false,
            "availability_zone": "us-west-2d",
            "availability_zone_id": "usw2-az4",
            "cidr_block": "10.1.0.48/28",
            "customer_owned_ipv4_pool": "",
            "id": "subnet-0d1d9139d656137c8",
            "ipv6_cidr_block": "",
            "ipv6_cidr_block_association_id": "",
            "map_customer_owned_ip_on_launch": false,
            "map_public_ip_on_launch": false,
            "outpost_arn": "",
            "owner_id": "923799771136",
            "tags": {
              "Name": "eks_cp3",
              "Tier": "private",
              "Use": "eks_cp"
            },
            "tags_all": {
              "Config": "default",
              "Dept": "services",
              "Environment": "prod",
              "GeneratedBy": "terraform",
              "Name": "eks_cp3",
              "Org": "withme",
              "Role": "automation",
              "Tier": "private",
              "Use": "eks_cp"
            },
            "timeouts": null,
            "vpc_id": "vpc-08a9480ab9a90db12"
          },
          "sensitive_attributes": [],
          "private": "eyJlMmJmYjczMC1lY2FhLTExZTYtOGY4OC0zNDM2M2JjN2M0YzAiOnsiY3JlYXRlIjo2MDAwMDAwMDAwMDAsImRlbGV0ZSI6MTIwMDAwMDAwMDAwMH0sInNjaGVtYV92ZXJzaW9uIjoiMSJ9",
          "dependencies": [
            "module.vpcs.module.vpc.aws_vpc.vpc"
          ],
          "create_before_destroy": true
        }
      ]
    },
    {
      "module": "module.vpcs[\"vpc0\"].module.networking.module.private[\"eks_nodes\"]",
      "mode": "managed",
      "type": "aws_route_table_association",
      "name": "private",
      "provider": "provider[\"registry.terraform.io/hashicorp/aws\"]",
      "instances": [
        {
          "index_key": 0,
          "schema_version": 0,
          "attributes": {
            "gateway_id": null,
            "id": "rtbassoc-08ab0fd37c6cc1cec",
            "route_table_id": "rtb-098405772830c1884",
            "subnet_id": "subnet-078c9a276ceec5842"
          },
          "sensitive_attributes": [],
          "private": "bnVsbA==",
          "dependencies": [
            "module.vpcs.module.vpc.aws_vpc.vpc",
            "module.vpcs.module.networking.aws_route_table.private",
            "module.vpcs.module.networking.module.private.aws_subnet.private"
          ],
          "create_before_destroy": true
        },
        {
          "index_key": 1,
          "schema_version": 0,
          "attributes": {
            "gateway_id": null,
            "id": "rtbassoc-0a79fe534cc129410",
            "route_table_id": "rtb-0fd20bfee6f939f75",
            "subnet_id": "subnet-0dc02c49f183da9d5"
          },
          "sensitive_attributes": [],
          "private": "bnVsbA==",
          "dependencies": [
            "module.vpcs.module.networking.aws_route_table.private",
            "module.vpcs.module.networking.module.private.aws_subnet.private",
            "module.vpcs.module.vpc.aws_vpc.vpc"
          ],
          "create_before_destroy": true
        },
        {
          "index_key": 2,
          "schema_version": 0,
          "attributes": {
            "gateway_id": null,
            "id": "rtbassoc-04f6d18d2c6d0c6dc",
            "route_table_id": "rtb-0fe0a3ea7ac0cfc42",
            "subnet_id": "subnet-0a780172f7b511eec"
          },
          "sensitive_attributes": [],
          "private": "bnVsbA==",
          "dependencies": [
            "module.vpcs.module.networking.aws_route_table.private",
            "module.vpcs.module.networking.module.private.aws_subnet.private",
            "module.vpcs.module.vpc.aws_vpc.vpc"
          ],
          "create_before_destroy": true
        },
        {
          "index_key": 3,
          "schema_version": 0,
          "attributes": {
            "gateway_id": null,
            "id": "rtbassoc-00d79a29a3c708354",
            "route_table_id": "rtb-0f3e72ed1cc39bc0d",
            "subnet_id": "subnet-0c29a65ec572f5b00"
          },
          "sensitive_attributes": [],
          "private": "bnVsbA==",
          "dependencies": [
            "module.vpcs.module.networking.aws_route_table.private",
            "module.vpcs.module.networking.module.private.aws_subnet.private",
            "module.vpcs.module.vpc.aws_vpc.vpc"
          ],
          "create_before_destroy": true
        }
      ]
    },
    {
      "module": "module.vpcs[\"vpc0\"].module.networking.module.private[\"eks_nodes\"]",
      "mode": "managed",
      "type": "aws_subnet",
      "name": "private",
      "provider": "provider[\"registry.terraform.io/hashicorp/aws\"]",
      "instances": [
        {
          "index_key": 0,
          "schema_version": 1,
          "attributes": {
            "arn": "arn:aws:ec2:us-west-2:923799771136:subnet/subnet-078c9a276ceec5842",
            "assign_ipv6_address_on_creation": false,
            "availability_zone": "us-west-2a",
            "availability_zone_id": "usw2-az1",
            "cidr_block": "10.1.4.0/24",
            "customer_owned_ipv4_pool": "",
            "id": "subnet-078c9a276ceec5842",
            "ipv6_cidr_block": "",
            "ipv6_cidr_block_association_id": "",
            "map_customer_owned_ip_on_launch": false,
            "map_public_ip_on_launch": false,
            "outpost_arn": "",
            "owner_id": "923799771136",
            "tags": {
              "Name": "eks_nodes0",
              "Tier": "private",
              "Use": "eks_nodes"
            },
            "tags_all": {
              "Config": "default",
              "Dept": "services",
              "Environment": "prod",
              "GeneratedBy": "terraform",
              "Name": "eks_nodes0",
              "Org": "withme",
              "Role": "automation",
              "Tier": "private",
              "Use": "eks_nodes"
            },
            "timeouts": null,
            "vpc_id": "vpc-08a9480ab9a90db12"
          },
          "sensitive_attributes": [],
          "private": "eyJlMmJmYjczMC1lY2FhLTExZTYtOGY4OC0zNDM2M2JjN2M0YzAiOnsiY3JlYXRlIjo2MDAwMDAwMDAwMDAsImRlbGV0ZSI6MTIwMDAwMDAwMDAwMH0sInNjaGVtYV92ZXJzaW9uIjoiMSJ9",
          "dependencies": [
            "module.vpcs.module.vpc.aws_vpc.vpc"
          ],
          "create_before_destroy": true
        },
        {
          "index_key": 1,
          "schema_version": 1,
          "attributes": {
            "arn": "arn:aws:ec2:us-west-2:923799771136:subnet/subnet-0dc02c49f183da9d5",
            "assign_ipv6_address_on_creation": false,
            "availability_zone": "us-west-2b",
            "availability_zone_id": "usw2-az2",
            "cidr_block": "10.1.5.0/24",
            "customer_owned_ipv4_pool": "",
            "id": "subnet-0dc02c49f183da9d5",
            "ipv6_cidr_block": "",
            "ipv6_cidr_block_association_id": "",
            "map_customer_owned_ip_on_launch": false,
            "map_public_ip_on_launch": false,
            "outpost_arn": "",
            "owner_id": "923799771136",
            "tags": {
              "Name": "eks_nodes1",
              "Tier": "private",
              "Use": "eks_nodes"
            },
            "tags_all": {
              "Config": "default",
              "Dept": "services",
              "Environment": "prod",
              "GeneratedBy": "terraform",
              "Name": "eks_nodes1",
              "Org": "withme",
              "Role": "automation",
              "Tier": "private",
              "Use": "eks_nodes"
            },
            "timeouts": null,
            "vpc_id": "vpc-08a9480ab9a90db12"
          },
          "sensitive_attributes": [],
          "private": "eyJlMmJmYjczMC1lY2FhLTExZTYtOGY4OC0zNDM2M2JjN2M0YzAiOnsiY3JlYXRlIjo2MDAwMDAwMDAwMDAsImRlbGV0ZSI6MTIwMDAwMDAwMDAwMH0sInNjaGVtYV92ZXJzaW9uIjoiMSJ9",
          "dependencies": [
            "module.vpcs.module.vpc.aws_vpc.vpc"
          ],
          "create_before_destroy": true
        },
        {
          "index_key": 2,
          "schema_version": 1,
          "attributes": {
            "arn": "arn:aws:ec2:us-west-2:923799771136:subnet/subnet-0a780172f7b511eec",
            "assign_ipv6_address_on_creation": false,
            "availability_zone": "us-west-2c",
            "availability_zone_id": "usw2-az3",
            "cidr_block": "10.1.6.0/24",
            "customer_owned_ipv4_pool": "",
            "id": "subnet-0a780172f7b511eec",
            "ipv6_cidr_block": "",
            "ipv6_cidr_block_association_id": "",
            "map_customer_owned_ip_on_launch": false,
            "map_public_ip_on_launch": false,
            "outpost_arn": "",
            "owner_id": "923799771136",
            "tags": {
              "Name": "eks_nodes2",
              "Tier": "private",
              "Use": "eks_nodes"
            },
            "tags_all": {
              "Config": "default",
              "Dept": "services",
              "Environment": "prod",
              "GeneratedBy": "terraform",
              "Name": "eks_nodes2",
              "Org": "withme",
              "Role": "automation",
              "Tier": "private",
              "Use": "eks_nodes"
            },
            "timeouts": null,
            "vpc_id": "vpc-08a9480ab9a90db12"
          },
          "sensitive_attributes": [],
          "private": "eyJlMmJmYjczMC1lY2FhLTExZTYtOGY4OC0zNDM2M2JjN2M0YzAiOnsiY3JlYXRlIjo2MDAwMDAwMDAwMDAsImRlbGV0ZSI6MTIwMDAwMDAwMDAwMH0sInNjaGVtYV92ZXJzaW9uIjoiMSJ9",
          "dependencies": [
            "module.vpcs.module.vpc.aws_vpc.vpc"
          ],
          "create_before_destroy": true
        },
        {
          "index_key": 3,
          "schema_version": 1,
          "attributes": {
            "arn": "arn:aws:ec2:us-west-2:923799771136:subnet/subnet-0c29a65ec572f5b00",
            "assign_ipv6_address_on_creation": false,
            "availability_zone": "us-west-2d",
            "availability_zone_id": "usw2-az4",
            "cidr_block": "10.1.7.0/24",
            "customer_owned_ipv4_pool": "",
            "id": "subnet-0c29a65ec572f5b00",
            "ipv6_cidr_block": "",
            "ipv6_cidr_block_association_id": "",
            "map_customer_owned_ip_on_launch": false,
            "map_public_ip_on_launch": false,
            "outpost_arn": "",
            "owner_id": "923799771136",
            "tags": {
              "Name": "eks_nodes3",
              "Tier": "private",
              "Use": "eks_nodes"
            },
            "tags_all": {
              "Config": "default",
              "Dept": "services",
              "Environment": "prod",
              "GeneratedBy": "terraform",
              "Name": "eks_nodes3",
              "Org": "withme",
              "Role": "automation",
              "Tier": "private",
              "Use": "eks_nodes"
            },
            "timeouts": null,
            "vpc_id": "vpc-08a9480ab9a90db12"
          },
          "sensitive_attributes": [],
          "private": "eyJlMmJmYjczMC1lY2FhLTExZTYtOGY4OC0zNDM2M2JjN2M0YzAiOnsiY3JlYXRlIjo2MDAwMDAwMDAwMDAsImRlbGV0ZSI6MTIwMDAwMDAwMDAwMH0sInNjaGVtYV92ZXJzaW9uIjoiMSJ9",
          "dependencies": [
            "module.vpcs.module.vpc.aws_vpc.vpc"
          ],
          "create_before_destroy": true
        }
      ]
    },
    {
      "module": "module.vpcs[\"vpc0\"].module.networking.module.private[\"rds\"]",
      "mode": "managed",
      "type": "aws_route_table_association",
      "name": "private",
      "provider": "provider[\"registry.terraform.io/hashicorp/aws\"]",
      "instances": [
        {
          "index_key": 0,
          "schema_version": 0,
          "attributes": {
            "gateway_id": null,
            "id": "rtbassoc-02eb070ca7c131d0f",
            "route_table_id": "rtb-098405772830c1884",
            "subnet_id": "subnet-03be1455be32dc08c"
          },
          "sensitive_attributes": [],
          "private": "bnVsbA==",
          "dependencies": [
            "module.vpcs.module.networking.aws_route_table.private",
            "module.vpcs.module.networking.module.private.aws_subnet.private",
            "module.vpcs.module.vpc.aws_vpc.vpc"
          ],
          "create_before_destroy": true
        },
        {
          "index_key": 1,
          "schema_version": 0,
          "attributes": {
            "gateway_id": null,
            "id": "rtbassoc-084b363bd7a216a6f",
            "route_table_id": "rtb-0fd20bfee6f939f75",
            "subnet_id": "subnet-08f48e26b0fe2e910"
          },
          "sensitive_attributes": [],
          "private": "bnVsbA==",
          "dependencies": [
            "module.vpcs.module.networking.aws_route_table.private",
            "module.vpcs.module.networking.module.private.aws_subnet.private",
            "module.vpcs.module.vpc.aws_vpc.vpc"
          ],
          "create_before_destroy": true
        },
        {
          "index_key": 2,
          "schema_version": 0,
          "attributes": {
            "gateway_id": null,
            "id": "rtbassoc-0480c05cee7ab8a83",
            "route_table_id": "rtb-0fe0a3ea7ac0cfc42",
            "subnet_id": "subnet-00fd3fce1ae8be4f8"
          },
          "sensitive_attributes": [],
          "private": "bnVsbA==",
          "dependencies": [
            "module.vpcs.module.networking.aws_route_table.private",
            "module.vpcs.module.networking.module.private.aws_subnet.private",
            "module.vpcs.module.vpc.aws_vpc.vpc"
          ],
          "create_before_destroy": true
        },
        {
          "index_key": 3,
          "schema_version": 0,
          "attributes": {
            "gateway_id": null,
            "id": "rtbassoc-03e26692608a105d9",
            "route_table_id": "rtb-0f3e72ed1cc39bc0d",
            "subnet_id": "subnet-033202facea3f869e"
          },
          "sensitive_attributes": [],
          "private": "bnVsbA==",
          "dependencies": [
            "module.vpcs.module.networking.aws_route_table.private",
            "module.vpcs.module.networking.module.private.aws_subnet.private",
            "module.vpcs.module.vpc.aws_vpc.vpc"
          ],
          "create_before_destroy": true
        }
      ]
    },
    {
      "module": "module.vpcs[\"vpc0\"].module.networking.module.private[\"rds\"]",
      "mode": "managed",
      "type": "aws_subnet",
      "name": "private",
      "provider": "provider[\"registry.terraform.io/hashicorp/aws\"]",
      "instances": [
        {
          "index_key": 0,
          "schema_version": 1,
          "attributes": {
            "arn": "arn:aws:ec2:us-west-2:923799771136:subnet/subnet-03be1455be32dc08c",
            "assign_ipv6_address_on_creation": false,
            "availability_zone": "us-west-2a",
            "availability_zone_id": "usw2-az1",
            "cidr_block": "10.1.8.64/26",
            "customer_owned_ipv4_pool": "",
            "id": "subnet-03be1455be32dc08c",
            "ipv6_cidr_block": "",
            "ipv6_cidr_block_association_id": "",
            "map_customer_owned_ip_on_launch": false,
            "map_public_ip_on_launch": false,
            "outpost_arn": "",
            "owner_id": "923799771136",
            "tags": {
              "Name": "rds0",
              "Tier": "private",
              "Use": "rds"
            },
            "tags_all": {
              "Config": "default",
              "Dept": "services",
              "Environment": "prod",
              "GeneratedBy": "terraform",
              "Name": "rds0",
              "Org": "withme",
              "Role": "automation",
              "Tier": "private",
              "Use": "rds"
            },
            "timeouts": null,
            "vpc_id": "vpc-08a9480ab9a90db12"
          },
          "sensitive_attributes": [],
          "private": "eyJlMmJmYjczMC1lY2FhLTExZTYtOGY4OC0zNDM2M2JjN2M0YzAiOnsiY3JlYXRlIjo2MDAwMDAwMDAwMDAsImRlbGV0ZSI6MTIwMDAwMDAwMDAwMH0sInNjaGVtYV92ZXJzaW9uIjoiMSJ9",
          "dependencies": [
            "module.vpcs.module.vpc.aws_vpc.vpc"
          ],
          "create_before_destroy": true
        },
        {
          "index_key": 1,
          "schema_version": 1,
          "attributes": {
            "arn": "arn:aws:ec2:us-west-2:923799771136:subnet/subnet-08f48e26b0fe2e910",
            "assign_ipv6_address_on_creation": false,
            "availability_zone": "us-west-2b",
            "availability_zone_id": "usw2-az2",
            "cidr_block": "10.1.8.128/26",
            "customer_owned_ipv4_pool": "",
            "id": "subnet-08f48e26b0fe2e910",
            "ipv6_cidr_block": "",
            "ipv6_cidr_block_association_id": "",
            "map_customer_owned_ip_on_launch": false,
            "map_public_ip_on_launch": false,
            "outpost_arn": "",
            "owner_id": "923799771136",
            "tags": {
              "Name": "rds1",
              "Tier": "private",
              "Use": "rds"
            },
            "tags_all": {
              "Config": "default",
              "Dept": "services",
              "Environment": "prod",
              "GeneratedBy": "terraform",
              "Name": "rds1",
              "Org": "withme",
              "Role": "automation",
              "Tier": "private",
              "Use": "rds"
            },
            "timeouts": null,
            "vpc_id": "vpc-08a9480ab9a90db12"
          },
          "sensitive_attributes": [],
          "private": "eyJlMmJmYjczMC1lY2FhLTExZTYtOGY4OC0zNDM2M2JjN2M0YzAiOnsiY3JlYXRlIjo2MDAwMDAwMDAwMDAsImRlbGV0ZSI6MTIwMDAwMDAwMDAwMH0sInNjaGVtYV92ZXJzaW9uIjoiMSJ9",
          "dependencies": [
            "module.vpcs.module.vpc.aws_vpc.vpc"
          ],
          "create_before_destroy": true
        },
        {
          "index_key": 2,
          "schema_version": 1,
          "attributes": {
            "arn": "arn:aws:ec2:us-west-2:923799771136:subnet/subnet-00fd3fce1ae8be4f8",
            "assign_ipv6_address_on_creation": false,
            "availability_zone": "us-west-2c",
            "availability_zone_id": "usw2-az3",
            "cidr_block": "10.1.8.192/26",
            "customer_owned_ipv4_pool": "",
            "id": "subnet-00fd3fce1ae8be4f8",
            "ipv6_cidr_block": "",
            "ipv6_cidr_block_association_id": "",
            "map_customer_owned_ip_on_launch": false,
            "map_public_ip_on_launch": false,
            "outpost_arn": "",
            "owner_id": "923799771136",
            "tags": {
              "Name": "rds2",
              "Tier": "private",
              "Use": "rds"
            },
            "tags_all": {
              "Config": "default",
              "Dept": "services",
              "Environment": "prod",
              "GeneratedBy": "terraform",
              "Name": "rds2",
              "Org": "withme",
              "Role": "automation",
              "Tier": "private",
              "Use": "rds"
            },
            "timeouts": null,
            "vpc_id": "vpc-08a9480ab9a90db12"
          },
          "sensitive_attributes": [],
          "private": "eyJlMmJmYjczMC1lY2FhLTExZTYtOGY4OC0zNDM2M2JjN2M0YzAiOnsiY3JlYXRlIjo2MDAwMDAwMDAwMDAsImRlbGV0ZSI6MTIwMDAwMDAwMDAwMH0sInNjaGVtYV92ZXJzaW9uIjoiMSJ9",
          "dependencies": [
            "module.vpcs.module.vpc.aws_vpc.vpc"
          ],
          "create_before_destroy": true
        },
        {
          "index_key": 3,
          "schema_version": 1,
          "attributes": {
            "arn": "arn:aws:ec2:us-west-2:923799771136:subnet/subnet-033202facea3f869e",
            "assign_ipv6_address_on_creation": false,
            "availability_zone": "us-west-2d",
            "availability_zone_id": "usw2-az4",
            "cidr_block": "10.1.9.0/26",
            "customer_owned_ipv4_pool": "",
            "id": "subnet-033202facea3f869e",
            "ipv6_cidr_block": "",
            "ipv6_cidr_block_association_id": "",
            "map_customer_owned_ip_on_launch": false,
            "map_public_ip_on_launch": false,
            "outpost_arn": "",
            "owner_id": "923799771136",
            "tags": {
              "Name": "rds3",
              "Tier": "private",
              "Use": "rds"
            },
            "tags_all": {
              "Config": "default",
              "Dept": "services",
              "Environment": "prod",
              "GeneratedBy": "terraform",
              "Name": "rds3",
              "Org": "withme",
              "Role": "automation",
              "Tier": "private",
              "Use": "rds"
            },
            "timeouts": null,
            "vpc_id": "vpc-08a9480ab9a90db12"
          },
          "sensitive_attributes": [],
          "private": "eyJlMmJmYjczMC1lY2FhLTExZTYtOGY4OC0zNDM2M2JjN2M0YzAiOnsiY3JlYXRlIjo2MDAwMDAwMDAwMDAsImRlbGV0ZSI6MTIwMDAwMDAwMDAwMH0sInNjaGVtYV92ZXJzaW9uIjoiMSJ9",
          "dependencies": [
            "module.vpcs.module.vpc.aws_vpc.vpc"
          ],
          "create_before_destroy": true
        }
      ]
    },
    {
      "module": "module.vpcs[\"vpc0\"].module.networking.module.public[\"nat_gw\"]",
      "mode": "managed",
      "type": "aws_route_table_association",
      "name": "public",
      "provider": "provider[\"registry.terraform.io/hashicorp/aws\"]",
      "instances": [
        {
          "index_key": 0,
          "schema_version": 0,
          "attributes": {
            "gateway_id": null,
            "id": "rtbassoc-0e1cdac750d224b93",
            "route_table_id": "rtb-001380c22edf8dec3",
            "subnet_id": "subnet-03482d8b0983921da"
          },
          "sensitive_attributes": [],
          "private": "bnVsbA==",
          "dependencies": [
            "module.vpcs.module.networking.module.public.aws_subnet.public",
            "module.vpcs.module.vpc.aws_vpc.vpc",
            "module.vpcs.module.networking.aws_route_table.public"
          ],
          "create_before_destroy": true
        },
        {
          "index_key": 1,
          "schema_version": 0,
          "attributes": {
            "gateway_id": null,
            "id": "rtbassoc-087ea7827584209f9",
            "route_table_id": "rtb-07b1f2cd21129e75a",
            "subnet_id": "subnet-0b957fb39da3c2c65"
          },
          "sensitive_attributes": [],
          "private": "bnVsbA==",
          "dependencies": [
            "module.vpcs.module.networking.aws_route_table.public",
            "module.vpcs.module.networking.module.public.aws_subnet.public",
            "module.vpcs.module.vpc.aws_vpc.vpc"
          ],
          "create_before_destroy": true
        },
        {
          "index_key": 2,
          "schema_version": 0,
          "attributes": {
            "gateway_id": null,
            "id": "rtbassoc-0c08364b38b158a9a",
            "route_table_id": "rtb-021be82f6a684c162",
            "subnet_id": "subnet-06cc7ed5107c4aa12"
          },
          "sensitive_attributes": [],
          "private": "bnVsbA==",
          "dependencies": [
            "module.vpcs.module.networking.aws_route_table.public",
            "module.vpcs.module.networking.module.public.aws_subnet.public",
            "module.vpcs.module.vpc.aws_vpc.vpc"
          ],
          "create_before_destroy": true
        },
        {
          "index_key": 3,
          "schema_version": 0,
          "attributes": {
            "gateway_id": null,
            "id": "rtbassoc-00b0db73f4e0f2974",
            "route_table_id": "rtb-0e5cfb154b3cdbc23",
            "subnet_id": "subnet-083bcf5c7bdd3ee3b"
          },
          "sensitive_attributes": [],
          "private": "bnVsbA==",
          "dependencies": [
            "module.vpcs.module.networking.aws_route_table.public",
            "module.vpcs.module.networking.module.public.aws_subnet.public",
            "module.vpcs.module.vpc.aws_vpc.vpc"
          ],
          "create_before_destroy": true
        }
      ]
    },
    {
      "module": "module.vpcs[\"vpc0\"].module.networking.module.public[\"nat_gw\"]",
      "mode": "managed",
      "type": "aws_subnet",
      "name": "public",
      "provider": "provider[\"registry.terraform.io/hashicorp/aws\"]",
      "instances": [
        {
          "index_key": 0,
          "schema_version": 1,
          "attributes": {
            "arn": "arn:aws:ec2:us-west-2:923799771136:subnet/subnet-03482d8b0983921da",
            "assign_ipv6_address_on_creation": false,
            "availability_zone": "us-west-2a",
            "availability_zone_id": "usw2-az1",
            "cidr_block": "10.1.0.64/28",
            "customer_owned_ipv4_pool": "",
            "id": "subnet-03482d8b0983921da",
            "ipv6_cidr_block": "",
            "ipv6_cidr_block_association_id": "",
            "map_customer_owned_ip_on_launch": false,
            "map_public_ip_on_launch": false,
            "outpost_arn": "",
            "owner_id": "923799771136",
            "tags": {
              "Name": "nat_gw0",
              "Tier": "public",
              "Use": "nat_gw"
            },
            "tags_all": {
              "Config": "default",
              "Dept": "services",
              "Environment": "prod",
              "GeneratedBy": "terraform",
              "Name": "nat_gw0",
              "Org": "withme",
              "Role": "automation",
              "Tier": "public",
              "Use": "nat_gw"
            },
            "timeouts": null,
            "vpc_id": "vpc-08a9480ab9a90db12"
          },
          "sensitive_attributes": [],
          "private": "eyJlMmJmYjczMC1lY2FhLTExZTYtOGY4OC0zNDM2M2JjN2M0YzAiOnsiY3JlYXRlIjo2MDAwMDAwMDAwMDAsImRlbGV0ZSI6MTIwMDAwMDAwMDAwMH0sInNjaGVtYV92ZXJzaW9uIjoiMSJ9",
          "dependencies": [
            "module.vpcs.module.vpc.aws_vpc.vpc"
          ],
          "create_before_destroy": true
        },
        {
          "index_key": 1,
          "schema_version": 1,
          "attributes": {
            "arn": "arn:aws:ec2:us-west-2:923799771136:subnet/subnet-0b957fb39da3c2c65",
            "assign_ipv6_address_on_creation": false,
            "availability_zone": "us-west-2b",
            "availability_zone_id": "usw2-az2",
            "cidr_block": "10.1.0.80/28",
            "customer_owned_ipv4_pool": "",
            "id": "subnet-0b957fb39da3c2c65",
            "ipv6_cidr_block": "",
            "ipv6_cidr_block_association_id": "",
            "map_customer_owned_ip_on_launch": false,
            "map_public_ip_on_launch": false,
            "outpost_arn": "",
            "owner_id": "923799771136",
            "tags": {
              "Name": "nat_gw1",
              "Tier": "public",
              "Use": "nat_gw"
            },
            "tags_all": {
              "Config": "default",
              "Dept": "services",
              "Environment": "prod",
              "GeneratedBy": "terraform",
              "Name": "nat_gw1",
              "Org": "withme",
              "Role": "automation",
              "Tier": "public",
              "Use": "nat_gw"
            },
            "timeouts": null,
            "vpc_id": "vpc-08a9480ab9a90db12"
          },
          "sensitive_attributes": [],
          "private": "eyJlMmJmYjczMC1lY2FhLTExZTYtOGY4OC0zNDM2M2JjN2M0YzAiOnsiY3JlYXRlIjo2MDAwMDAwMDAwMDAsImRlbGV0ZSI6MTIwMDAwMDAwMDAwMH0sInNjaGVtYV92ZXJzaW9uIjoiMSJ9",
          "dependencies": [
            "module.vpcs.module.vpc.aws_vpc.vpc"
          ],
          "create_before_destroy": true
        },
        {
          "index_key": 2,
          "schema_version": 1,
          "attributes": {
            "arn": "arn:aws:ec2:us-west-2:923799771136:subnet/subnet-06cc7ed5107c4aa12",
            "assign_ipv6_address_on_creation": false,
            "availability_zone": "us-west-2c",
            "availability_zone_id": "usw2-az3",
            "cidr_block": "10.1.0.96/28",
            "customer_owned_ipv4_pool": "",
            "id": "subnet-06cc7ed5107c4aa12",
            "ipv6_cidr_block": "",
            "ipv6_cidr_block_association_id": "",
            "map_customer_owned_ip_on_launch": false,
            "map_public_ip_on_launch": false,
            "outpost_arn": "",
            "owner_id": "923799771136",
            "tags": {
              "Name": "nat_gw2",
              "Tier": "public",
              "Use": "nat_gw"
            },
            "tags_all": {
              "Config": "default",
              "Dept": "services",
              "Environment": "prod",
              "GeneratedBy": "terraform",
              "Name": "nat_gw2",
              "Org": "withme",
              "Role": "automation",
              "Tier": "public",
              "Use": "nat_gw"
            },
            "timeouts": null,
            "vpc_id": "vpc-08a9480ab9a90db12"
          },
          "sensitive_attributes": [],
          "private": "eyJlMmJmYjczMC1lY2FhLTExZTYtOGY4OC0zNDM2M2JjN2M0YzAiOnsiY3JlYXRlIjo2MDAwMDAwMDAwMDAsImRlbGV0ZSI6MTIwMDAwMDAwMDAwMH0sInNjaGVtYV92ZXJzaW9uIjoiMSJ9",
          "dependencies": [
            "module.vpcs.module.vpc.aws_vpc.vpc"
          ],
          "create_before_destroy": true
        },
        {
          "index_key": 3,
          "schema_version": 1,
          "attributes": {
            "arn": "arn:aws:ec2:us-west-2:923799771136:subnet/subnet-083bcf5c7bdd3ee3b",
            "assign_ipv6_address_on_creation": false,
            "availability_zone": "us-west-2d",
            "availability_zone_id": "usw2-az4",
            "cidr_block": "10.1.0.112/28",
            "customer_owned_ipv4_pool": "",
            "id": "subnet-083bcf5c7bdd3ee3b",
            "ipv6_cidr_block": "",
            "ipv6_cidr_block_association_id": "",
            "map_customer_owned_ip_on_launch": false,
            "map_public_ip_on_launch": false,
            "outpost_arn": "",
            "owner_id": "923799771136",
            "tags": {
              "Name": "nat_gw3",
              "Tier": "public",
              "Use": "nat_gw"
            },
            "tags_all": {
              "Config": "default",
              "Dept": "services",
              "Environment": "prod",
              "GeneratedBy": "terraform",
              "Name": "nat_gw3",
              "Org": "withme",
              "Role": "automation",
              "Tier": "public",
              "Use": "nat_gw"
            },
            "timeouts": null,
            "vpc_id": "vpc-08a9480ab9a90db12"
          },
          "sensitive_attributes": [],
          "private": "eyJlMmJmYjczMC1lY2FhLTExZTYtOGY4OC0zNDM2M2JjN2M0YzAiOnsiY3JlYXRlIjo2MDAwMDAwMDAwMDAsImRlbGV0ZSI6MTIwMDAwMDAwMDAwMH0sInNjaGVtYV92ZXJzaW9uIjoiMSJ9",
          "dependencies": [
            "module.vpcs.module.vpc.aws_vpc.vpc"
          ],
          "create_before_destroy": true
        }
      ]
    },
    {
      "module": "module.vpcs[\"vpc0\"].module.vpc",
      "mode": "managed",
      "type": "aws_vpc",
      "name": "vpc",
      "provider": "provider[\"registry.terraform.io/hashicorp/aws\"]",
      "instances": [
        {
          "schema_version": 1,
          "attributes": {
            "arn": "arn:aws:ec2:us-west-2:923799771136:vpc/vpc-08a9480ab9a90db12",
            "assign_generated_ipv6_cidr_block": false,
            "cidr_block": "10.1.0.0/16",
            "default_network_acl_id": "acl-02cd746fdfa7f53e0",
            "default_route_table_id": "rtb-0299d3f282556234a",
            "default_security_group_id": "sg-0b666286bf22dbd58",
            "dhcp_options_id": "dopt-dc8aa6a4",
            "enable_classiclink": false,
            "enable_classiclink_dns_support": false,
            "enable_dns_hostnames": true,
            "enable_dns_support": true,
            "id": "vpc-08a9480ab9a90db12",
            "instance_tenancy": "default",
            "ipv6_association_id": "",
            "ipv6_cidr_block": "",
            "main_route_table_id": "rtb-0299d3f282556234a",
            "owner_id": "923799771136",
            "tags": {
              "Name": "withme-services-prod-us-west-2-automation-default-vpc0"
            },
            "tags_all": {
              "Config": "default",
              "Dept": "services",
              "Environment": "prod",
              "GeneratedBy": "terraform",
              "Name": "withme-services-prod-us-west-2-automation-default-vpc0",
              "Org": "withme",
              "Role": "automation"
            }
          },
          "sensitive_attributes": [],
          "private": "eyJzY2hlbWFfdmVyc2lvbiI6IjEifQ==",
          "create_before_destroy": true
        }
      ]
    }
  ]
}
